
Microsoft Visual Studio Solution File, Format Version 12.00
# Visual Studio 15
VisualStudioVersion = 15.0.26711.1
MinimumVisualStudioVersion = 10.0.40219.1
Project("{2150E333-8FDC-42A3-9474-1A3956D46DE8}") = "BoundedContexts", "BoundedContexts", "{CDDF776F-743F-4585-A460-EB098141D106}"
EndProject
Project("{2150E333-8FDC-42A3-9474-1A3956D46DE8}") = "Shared", "Shared", "{ABA022A1-7FA4-485D-8B11-1599C0F46CF5}"
EndProject
Project("{9A19103F-16F7-4668-BE54-9A1E7A4F7556}") = "Shared.Config", "Shared.Config\Shared.Config.csproj", "{F1E03A84-19E6-44A9-A408-F62AF3F2FE22}"
EndProject
Project("{9A19103F-16F7-4668-BE54-9A1E7A4F7556}") = "Shared.Infrasctructure", "Shared.Infrasctructure\Shared.Infrasctructure.csproj", "{BCD76701-B58A-443A-B547-4584A5098D9F}"
EndProject
Project("{2150E333-8FDC-42A3-9474-1A3956D46DE8}") = "Chat", "Chat", "{91D3E837-2314-4202-89E7-312293327C09}"
EndProject
Project("{2150E333-8FDC-42A3-9474-1A3956D46DE8}") = "EventsSystem", "EventsSystem", "{64D8C254-C10C-4FFD-97E1-D56B0F5C3930}"
EndProject
Project("{2150E333-8FDC-42A3-9474-1A3956D46DE8}") = "Domain", "Domain", "{F75078C2-2C17-4A88-99DD-00F45C65E701}"
EndProject
Project("{9A19103F-16F7-4668-BE54-9A1E7A4F7556}") = "LP.Chat.Domain", "LP.Chat.Domain\LP.Chat.Domain.csproj", "{7606B1D0-3E87-41B2-85E8-0F1C284EFF4F}"
EndProject
Project("{2150E333-8FDC-42A3-9474-1A3956D46DE8}") = "Domain", "Domain", "{C28CC85B-9667-4CBC-9F55-86D117E7574F}"
EndProject
Project("{9A19103F-16F7-4668-BE54-9A1E7A4F7556}") = "LP.Events.Domain", "LP.Events.Domain\LP.Events.Domain.csproj", "{59B1D32E-4862-45D8-AF7E-E6DF32583B84}"
EndProject
Project("{2150E333-8FDC-42A3-9474-1A3956D46DE8}") = "UserProfile", "UserProfile", "{FE0A0975-3B5C-4AAC-B9B7-C1FF6453DD1C}"
EndProject
Project("{2150E333-8FDC-42A3-9474-1A3956D46DE8}") = "Domain", "Domain", "{1BF0B3B8-8683-497A-83B5-34C9546DA69B}"
EndProject
Project("{9A19103F-16F7-4668-BE54-9A1E7A4F7556}") = "SharedKernel", "SharedKernel\SharedKernel.csproj", "{AD518C74-9F40-4B8D-84A7-96877F8F3FCC}"
EndProject
Project("{2150E333-8FDC-42A3-9474-1A3956D46DE8}") = "Repositories", "Repositories", "{1E3C64D7-058B-4E13-8732-7B06784B3EE6}"
EndProject
Project("{9A19103F-16F7-4668-BE54-9A1E7A4F7556}") = "LP.UserProfile.EFRepository", "LP.UserProfile.EFRepository\LP.UserProfile.EFRepository.csproj", "{795B2420-A3CD-40AA-8BDB-EB264456F3BD}"
EndProject
Project("{2150E333-8FDC-42A3-9474-1A3956D46DE8}") = "Tests", "Tests", "{C61F199E-71EC-4932-9C06-63532EF62D63}"
EndProject
Project("{9A19103F-16F7-4668-BE54-9A1E7A4F7556}") = "LP.UserProfile.Domain", "LP.UserProfile.Domain\LP.UserProfile.Domain.csproj", "{4028ADD3-6A84-4F7A-8974-A6B5FBC41F3C}"
EndProject
Project("{2150E333-8FDC-42A3-9474-1A3956D46DE8}") = "Database", "Database", "{1546C495-7C7A-4D68-A6F8-1C1D060BF254}"
EndProject
Project("{00D1A9C2-B5F0-4AF3-8072-F6C62B433612}") = "Database.LP", "Database.LP\Database.LP.sqlproj", "{1F9E56A6-6289-40E1-87A4-221332B9889F}"
EndProject
Project("{9A19103F-16F7-4668-BE54-9A1E7A4F7556}") = "LP.UserProfile.Tests.EFRepository", "LP.UserProfile.Tests.EFRepository\LP.UserProfile.Tests.EFRepository.csproj", "{9C3E6DAC-B968-4331-A0DC-A11D514B43C6}"
EndProject
Project("{9A19103F-16F7-4668-BE54-9A1E7A4F7556}") = "LP.UserProfile.Tests.Domain", "LP.UserProfile.Tests.Domain\LP.UserProfile.Tests.Domain.csproj", "{EEC8DB38-ED6B-4523-8ECD-ADDF35085CCC}"
EndProject
Project("{2150E333-8FDC-42A3-9474-1A3956D46DE8}") = "ApplicationService", "ApplicationService", "{F70C7E2E-5108-4976-A9AB-6D5DE0ACC49E}"
EndProject
Project("{9A19103F-16F7-4668-BE54-9A1E7A4F7556}") = "LP.UserProfile.ApplicationService", "LP.UserProfile.ApplicationService\LP.UserProfile.ApplicationService.csproj", "{FCC6C5D5-2040-42BF-A0C9-22D034810761}"
EndProject
Project("{9A19103F-16F7-4668-BE54-9A1E7A4F7556}") = "Shared.CompositionRoot", "Shared.CompositionRoot\Shared.CompositionRoot.csproj", "{B7544365-C0AA-4AB2-8F16-480D378383AD}"
EndProject
Project("{9A19103F-16F7-4668-BE54-9A1E7A4F7556}") = "LP.UserProfile.Tests.ApplicationService", "LP.UserProfile.Tests.ApplicationService\LP.UserProfile.Tests.ApplicationService.csproj", "{E8E3FF1F-A862-4526-8F05-E33FCC785D7A}"
EndProject
Project("{9A19103F-16F7-4668-BE54-9A1E7A4F7556}") = "LP.UserProfile.Tests.Shared", "LP.UserProfile.Tests.Shared\LP.UserProfile.Tests.Shared.csproj", "{7AB2F419-A61A-4A57-B0E3-05BFE319B254}"
EndProject
Project("{2150E333-8FDC-42A3-9474-1A3956D46DE8}") = "Tests", "Tests", "{EAADEE91-CCD4-451D-829F-4315D7FCCD84}"
EndProject
Project("{9A19103F-16F7-4668-BE54-9A1E7A4F7556}") = "Shared.Infrasctructure.Tests", "Shared.Infrasctructure.Tests\Shared.Infrasctructure.Tests.csproj", "{3AE8EB6F-250F-4F4C-B03E-5176A654F65E}"
EndProject
Global
	GlobalSection(SolutionConfigurationPlatforms) = preSolution
		Debug|Any CPU = Debug|Any CPU
		Release|Any CPU = Release|Any CPU
	EndGlobalSection
	GlobalSection(ProjectConfigurationPlatforms) = postSolution
		{F1E03A84-19E6-44A9-A408-F62AF3F2FE22}.Debug|Any CPU.ActiveCfg = Debug|Any CPU
		{F1E03A84-19E6-44A9-A408-F62AF3F2FE22}.Debug|Any CPU.Build.0 = Debug|Any CPU
		{F1E03A84-19E6-44A9-A408-F62AF3F2FE22}.Release|Any CPU.ActiveCfg = Release|Any CPU
		{F1E03A84-19E6-44A9-A408-F62AF3F2FE22}.Release|Any CPU.Build.0 = Release|Any CPU
		{BCD76701-B58A-443A-B547-4584A5098D9F}.Debug|Any CPU.ActiveCfg = Debug|Any CPU
		{BCD76701-B58A-443A-B547-4584A5098D9F}.Debug|Any CPU.Build.0 = Debug|Any CPU
		{BCD76701-B58A-443A-B547-4584A5098D9F}.Release|Any CPU.ActiveCfg = Release|Any CPU
		{BCD76701-B58A-443A-B547-4584A5098D9F}.Release|Any CPU.Build.0 = Release|Any CPU
		{7606B1D0-3E87-41B2-85E8-0F1C284EFF4F}.Debug|Any CPU.ActiveCfg = Debug|Any CPU
		{7606B1D0-3E87-41B2-85E8-0F1C284EFF4F}.Debug|Any CPU.Build.0 = Debug|Any CPU
		{7606B1D0-3E87-41B2-85E8-0F1C284EFF4F}.Release|Any CPU.ActiveCfg = Release|Any CPU
		{7606B1D0-3E87-41B2-85E8-0F1C284EFF4F}.Release|Any CPU.Build.0 = Release|Any CPU
		{59B1D32E-4862-45D8-AF7E-E6DF32583B84}.Debug|Any CPU.ActiveCfg = Debug|Any CPU
		{59B1D32E-4862-45D8-AF7E-E6DF32583B84}.Debug|Any CPU.Build.0 = Debug|Any CPU
		{59B1D32E-4862-45D8-AF7E-E6DF32583B84}.Release|Any CPU.ActiveCfg = Release|Any CPU
		{59B1D32E-4862-45D8-AF7E-E6DF32583B84}.Release|Any CPU.Build.0 = Release|Any CPU
		{AD518C74-9F40-4B8D-84A7-96877F8F3FCC}.Debug|Any CPU.ActiveCfg = Debug|Any CPU
		{AD518C74-9F40-4B8D-84A7-96877F8F3FCC}.Debug|Any CPU.Build.0 = Debug|Any CPU
		{AD518C74-9F40-4B8D-84A7-96877F8F3FCC}.Release|Any CPU.ActiveCfg = Release|Any CPU
		{AD518C74-9F40-4B8D-84A7-96877F8F3FCC}.Release|Any CPU.Build.0 = Release|Any CPU
		{795B2420-A3CD-40AA-8BDB-EB264456F3BD}.Debug|Any CPU.ActiveCfg = Debug|Any CPU
		{795B2420-A3CD-40AA-8BDB-EB264456F3BD}.Debug|Any CPU.Build.0 = Debug|Any CPU
		{795B2420-A3CD-40AA-8BDB-EB264456F3BD}.Release|Any CPU.ActiveCfg = Release|Any CPU
		{795B2420-A3CD-40AA-8BDB-EB264456F3BD}.Release|Any CPU.Build.0 = Release|Any CPU
		{4028ADD3-6A84-4F7A-8974-A6B5FBC41F3C}.Debug|Any CPU.ActiveCfg = Debug|Any CPU
		{4028ADD3-6A84-4F7A-8974-A6B5FBC41F3C}.Debug|Any CPU.Build.0 = Debug|Any CPU
		{4028ADD3-6A84-4F7A-8974-A6B5FBC41F3C}.Release|Any CPU.ActiveCfg = Release|Any CPU
		{4028ADD3-6A84-4F7A-8974-A6B5FBC41F3C}.Release|Any CPU.Build.0 = Release|Any CPU
		{1F9E56A6-6289-40E1-87A4-221332B9889F}.Debug|Any CPU.ActiveCfg = Debug|Any CPU
		{1F9E56A6-6289-40E1-87A4-221332B9889F}.Debug|Any CPU.Build.0 = Debug|Any CPU
		{1F9E56A6-6289-40E1-87A4-221332B9889F}.Debug|Any CPU.Deploy.0 = Debug|Any CPU
		{1F9E56A6-6289-40E1-87A4-221332B9889F}.Release|Any CPU.ActiveCfg = Release|Any CPU
		{1F9E56A6-6289-40E1-87A4-221332B9889F}.Release|Any CPU.Build.0 = Release|Any CPU
		{1F9E56A6-6289-40E1-87A4-221332B9889F}.Release|Any CPU.Deploy.0 = Release|Any CPU
		{9C3E6DAC-B968-4331-A0DC-A11D514B43C6}.Debug|Any CPU.ActiveCfg = Debug|Any CPU
		{9C3E6DAC-B968-4331-A0DC-A11D514B43C6}.Debug|Any CPU.Build.0 = Debug|Any CPU
		{9C3E6DAC-B968-4331-A0DC-A11D514B43C6}.Release|Any CPU.ActiveCfg = Release|Any CPU
		{9C3E6DAC-B968-4331-A0DC-A11D514B43C6}.Release|Any CPU.Build.0 = Release|Any CPU
		{EEC8DB38-ED6B-4523-8ECD-ADDF35085CCC}.Debug|Any CPU.ActiveCfg = Debug|Any CPU
		{EEC8DB38-ED6B-4523-8ECD-ADDF35085CCC}.Debug|Any CPU.Build.0 = Debug|Any CPU
		{EEC8DB38-ED6B-4523-8ECD-ADDF35085CCC}.Release|Any CPU.ActiveCfg = Release|Any CPU
		{EEC8DB38-ED6B-4523-8ECD-ADDF35085CCC}.Release|Any CPU.Build.0 = Release|Any CPU
		{FCC6C5D5-2040-42BF-A0C9-22D034810761}.Debug|Any CPU.ActiveCfg = Debug|Any CPU
		{FCC6C5D5-2040-42BF-A0C9-22D034810761}.Debug|Any CPU.Build.0 = Debug|Any CPU
		{FCC6C5D5-2040-42BF-A0C9-22D034810761}.Release|Any CPU.ActiveCfg = Release|Any CPU
		{FCC6C5D5-2040-42BF-A0C9-22D034810761}.Release|Any CPU.Build.0 = Release|Any CPU
		{B7544365-C0AA-4AB2-8F16-480D378383AD}.Debug|Any CPU.ActiveCfg = Debug|Any CPU
		{B7544365-C0AA-4AB2-8F16-480D378383AD}.Debug|Any CPU.Build.0 = Debug|Any CPU
		{B7544365-C0AA-4AB2-8F16-480D378383AD}.Release|Any CPU.ActiveCfg = Release|Any CPU
		{B7544365-C0AA-4AB2-8F16-480D378383AD}.Release|Any CPU.Build.0 = Release|Any CPU
		{E8E3FF1F-A862-4526-8F05-E33FCC785D7A}.Debug|Any CPU.ActiveCfg = Debug|Any CPU
		{E8E3FF1F-A862-4526-8F05-E33FCC785D7A}.Debug|Any CPU.Build.0 = Debug|Any CPU
		{E8E3FF1F-A862-4526-8F05-E33FCC785D7A}.Release|Any CPU.ActiveCfg = Release|Any CPU
		{E8E3FF1F-A862-4526-8F05-E33FCC785D7A}.Release|Any CPU.Build.0 = Release|Any CPU
		{7AB2F419-A61A-4A57-B0E3-05BFE319B254}.Debug|Any CPU.ActiveCfg = Debug|Any CPU
		{7AB2F419-A61A-4A57-B0E3-05BFE319B254}.Debug|Any CPU.Build.0 = Debug|Any CPU
		{7AB2F419-A61A-4A57-B0E3-05BFE319B254}.Release|Any CPU.ActiveCfg = Release|Any CPU
		{7AB2F419-A61A-4A57-B0E3-05BFE319B254}.Release|Any CPU.Build.0 = Release|Any CPU
		{3AE8EB6F-250F-4F4C-B03E-5176A654F65E}.Debug|Any CPU.ActiveCfg = Debug|Any CPU
		{3AE8EB6F-250F-4F4C-B03E-5176A654F65E}.Debug|Any CPU.Build.0 = Debug|Any CPU
		{3AE8EB6F-250F-4F4C-B03E-5176A654F65E}.Release|Any CPU.ActiveCfg = Release|Any CPU
		{3AE8EB6F-250F-4F4C-B03E-5176A654F65E}.Release|Any CPU.Build.0 = Release|Any CPU
	EndGlobalSection
	GlobalSection(SolutionProperties) = preSolution
		HideSolutionNode = FALSE
	EndGlobalSection
	GlobalSection(NestedProjects) = preSolution
		{F1E03A84-19E6-44A9-A408-F62AF3F2FE22} = {ABA022A1-7FA4-485D-8B11-1599C0F46CF5}
		{BCD76701-B58A-443A-B547-4584A5098D9F} = {ABA022A1-7FA4-485D-8B11-1599C0F46CF5}
		{91D3E837-2314-4202-89E7-312293327C09} = {CDDF776F-743F-4585-A460-EB098141D106}
		{64D8C254-C10C-4FFD-97E1-D56B0F5C3930} = {CDDF776F-743F-4585-A460-EB098141D106}
		{F75078C2-2C17-4A88-99DD-00F45C65E701} = {91D3E837-2314-4202-89E7-312293327C09}
		{7606B1D0-3E87-41B2-85E8-0F1C284EFF4F} = {F75078C2-2C17-4A88-99DD-00F45C65E701}
		{C28CC85B-9667-4CBC-9F55-86D117E7574F} = {64D8C254-C10C-4FFD-97E1-D56B0F5C3930}
		{59B1D32E-4862-45D8-AF7E-E6DF32583B84} = {C28CC85B-9667-4CBC-9F55-86D117E7574F}
		{FE0A0975-3B5C-4AAC-B9B7-C1FF6453DD1C} = {CDDF776F-743F-4585-A460-EB098141D106}
		{1BF0B3B8-8683-497A-83B5-34C9546DA69B} = {FE0A0975-3B5C-4AAC-B9B7-C1FF6453DD1C}
		{AD518C74-9F40-4B8D-84A7-96877F8F3FCC} = {ABA022A1-7FA4-485D-8B11-1599C0F46CF5}
		{1E3C64D7-058B-4E13-8732-7B06784B3EE6} = {FE0A0975-3B5C-4AAC-B9B7-C1FF6453DD1C}
		{795B2420-A3CD-40AA-8BDB-EB264456F3BD} = {1E3C64D7-058B-4E13-8732-7B06784B3EE6}
		{C61F199E-71EC-4932-9C06-63532EF62D63} = {FE0A0975-3B5C-4AAC-B9B7-C1FF6453DD1C}
		{4028ADD3-6A84-4F7A-8974-A6B5FBC41F3C} = {1BF0B3B8-8683-497A-83B5-34C9546DA69B}
		{1F9E56A6-6289-40E1-87A4-221332B9889F} = {1546C495-7C7A-4D68-A6F8-1C1D060BF254}
		{9C3E6DAC-B968-4331-A0DC-A11D514B43C6} = {C61F199E-71EC-4932-9C06-63532EF62D63}
		{EEC8DB38-ED6B-4523-8ECD-ADDF35085CCC} = {C61F199E-71EC-4932-9C06-63532EF62D63}
		{F70C7E2E-5108-4976-A9AB-6D5DE0ACC49E} = {FE0A0975-3B5C-4AAC-B9B7-C1FF6453DD1C}
		{FCC6C5D5-2040-42BF-A0C9-22D034810761} = {F70C7E2E-5108-4976-A9AB-6D5DE0ACC49E}
		{B7544365-C0AA-4AB2-8F16-480D378383AD} = {ABA022A1-7FA4-485D-8B11-1599C0F46CF5}
		{E8E3FF1F-A862-4526-8F05-E33FCC785D7A} = {C61F199E-71EC-4932-9C06-63532EF62D63}
		{7AB2F419-A61A-4A57-B0E3-05BFE319B254} = {C61F199E-71EC-4932-9C06-63532EF62D63}
		{EAADEE91-CCD4-451D-829F-4315D7FCCD84} = {ABA022A1-7FA4-485D-8B11-1599C0F46CF5}
		{3AE8EB6F-250F-4F4C-B03E-5176A654F65E} = {EAADEE91-CCD4-451D-829F-4315D7FCCD84}
	EndGlobalSection
	GlobalSection(ExtensibilityGlobals) = postSolution
		SolutionGuid = {1267897C-2B68-4298-A9FE-0E65E8D2EBF7}
	EndGlobalSection
EndGlobal
