
Microsoft Visual Studio Solution File, Format Version 12.00
# Visual Studio 15
VisualStudioVersion = 15.0.27130.2027
MinimumVisualStudioVersion = 10.0.40219.1
Project("{2150E333-8FDC-42A3-9474-1A3956D46DE8}") = "BoundedContexts", "BoundedContexts", "{CDDF776F-743F-4585-A460-EB098141D106}"
EndProject
Project("{2150E333-8FDC-42A3-9474-1A3956D46DE8}") = "Shared", "Shared", "{ABA022A1-7FA4-485D-8B11-1599C0F46CF5}"
EndProject
Project("{9A19103F-16F7-4668-BE54-9A1E7A4F7556}") = "Shared.Config", "Shared.Config\Shared.Config.csproj", "{F1E03A84-19E6-44A9-A408-F62AF3F2FE22}"
EndProject
Project("{9A19103F-16F7-4668-BE54-9A1E7A4F7556}") = "Shared.Infrasctructure", "Shared.Infrasctructure\Shared.Infrasctructure.csproj", "{BCD76701-B58A-443A-B547-4584A5098D9F}"
EndProject
Project("{2150E333-8FDC-42A3-9474-1A3956D46DE8}") = "Chat", "Chat", "{91D3E837-2314-4202-89E7-312293327C09}"
EndProject
Project("{2150E333-8FDC-42A3-9474-1A3956D46DE8}") = "EventsSystem", "EventsSystem", "{64D8C254-C10C-4FFD-97E1-D56B0F5C3930}"
EndProject
Project("{2150E333-8FDC-42A3-9474-1A3956D46DE8}") = "Domain", "Domain", "{F75078C2-2C17-4A88-99DD-00F45C65E701}"
EndProject
Project("{9A19103F-16F7-4668-BE54-9A1E7A4F7556}") = "LP.Chat.Domain", "LP.Chat.Domain\LP.Chat.Domain.csproj", "{7606B1D0-3E87-41B2-85E8-0F1C284EFF4F}"
EndProject
Project("{2150E333-8FDC-42A3-9474-1A3956D46DE8}") = "Domain", "Domain", "{C28CC85B-9667-4CBC-9F55-86D117E7574F}"
EndProject
Project("{9A19103F-16F7-4668-BE54-9A1E7A4F7556}") = "LP.Events.Domain", "LP.Events.Domain\LP.Events.Domain.csproj", "{59B1D32E-4862-45D8-AF7E-E6DF32583B84}"
EndProject
Project("{2150E333-8FDC-42A3-9474-1A3956D46DE8}") = "UserProfile", "UserProfile", "{FE0A0975-3B5C-4AAC-B9B7-C1FF6453DD1C}"
EndProject
Project("{2150E333-8FDC-42A3-9474-1A3956D46DE8}") = "Domain", "Domain", "{1BF0B3B8-8683-497A-83B5-34C9546DA69B}"
EndProject
Project("{9A19103F-16F7-4668-BE54-9A1E7A4F7556}") = "SharedKernel", "SharedKernel\SharedKernel.csproj", "{AD518C74-9F40-4B8D-84A7-96877F8F3FCC}"
EndProject
Project("{2150E333-8FDC-42A3-9474-1A3956D46DE8}") = "Repositories", "Repositories", "{1E3C64D7-058B-4E13-8732-7B06784B3EE6}"
EndProject
Project("{9A19103F-16F7-4668-BE54-9A1E7A4F7556}") = "LP.UserProfile.EFRepository", "LP.UserProfile.EFRepository\LP.UserProfile.EFRepository.csproj", "{795B2420-A3CD-40AA-8BDB-EB264456F3BD}"
EndProject
Project("{2150E333-8FDC-42A3-9474-1A3956D46DE8}") = "Tests", "Tests", "{C61F199E-71EC-4932-9C06-63532EF62D63}"
EndProject
Project("{9A19103F-16F7-4668-BE54-9A1E7A4F7556}") = "LP.UserProfile.Domain", "LP.UserProfile.Domain\LP.UserProfile.Domain.csproj", "{4028ADD3-6A84-4F7A-8974-A6B5FBC41F3C}"
EndProject
Project("{2150E333-8FDC-42A3-9474-1A3956D46DE8}") = "Database", "Database", "{1546C495-7C7A-4D68-A6F8-1C1D060BF254}"
EndProject
Project("{00D1A9C2-B5F0-4AF3-8072-F6C62B433612}") = "Database.LP", "Database.LP\Database.LP.sqlproj", "{1F9E56A6-6289-40E1-87A4-221332B9889F}"
EndProject
Project("{9A19103F-16F7-4668-BE54-9A1E7A4F7556}") = "LP.UserProfile.Tests.EFRepository", "LP.UserProfile.Tests.EFRepository\LP.UserProfile.Tests.EFRepository.csproj", "{9C3E6DAC-B968-4331-A0DC-A11D514B43C6}"
EndProject
Project("{9A19103F-16F7-4668-BE54-9A1E7A4F7556}") = "LP.UserProfile.Tests.Domain", "LP.UserProfile.Tests.Domain\LP.UserProfile.Tests.Domain.csproj", "{EEC8DB38-ED6B-4523-8ECD-ADDF35085CCC}"
EndProject
Project("{2150E333-8FDC-42A3-9474-1A3956D46DE8}") = "ApplicationService", "ApplicationService", "{F70C7E2E-5108-4976-A9AB-6D5DE0ACC49E}"
EndProject
Project("{9A19103F-16F7-4668-BE54-9A1E7A4F7556}") = "LP.UserProfile.ApplicationService", "LP.UserProfile.ApplicationService\LP.UserProfile.ApplicationService.csproj", "{FCC6C5D5-2040-42BF-A0C9-22D034810761}"
EndProject
Project("{9A19103F-16F7-4668-BE54-9A1E7A4F7556}") = "Shared.CompositionRoot", "Shared.CompositionRoot\Shared.CompositionRoot.csproj", "{B7544365-C0AA-4AB2-8F16-480D378383AD}"
EndProject
Project("{9A19103F-16F7-4668-BE54-9A1E7A4F7556}") = "LP.UserProfile.Tests.ApplicationService", "LP.UserProfile.Tests.ApplicationService\LP.UserProfile.Tests.ApplicationService.csproj", "{E8E3FF1F-A862-4526-8F05-E33FCC785D7A}"
EndProject
Project("{9A19103F-16F7-4668-BE54-9A1E7A4F7556}") = "LP.UserProfile.Tests.Shared", "LP.UserProfile.Tests.Shared\LP.UserProfile.Tests.Shared.csproj", "{7AB2F419-A61A-4A57-B0E3-05BFE319B254}"
EndProject
Project("{2150E333-8FDC-42A3-9474-1A3956D46DE8}") = "Tests", "Tests", "{EAADEE91-CCD4-451D-829F-4315D7FCCD84}"
EndProject
Project("{9A19103F-16F7-4668-BE54-9A1E7A4F7556}") = "Shared.Infrasctructure.Tests", "Shared.Infrasctructure.Tests\Shared.Infrasctructure.Tests.csproj", "{3AE8EB6F-250F-4F4C-B03E-5176A654F65E}"
EndProject
Project("{2150E333-8FDC-42A3-9474-1A3956D46DE8}") = "Gateway", "Gateway", "{5F41671B-0007-42C6-A2D0-B8A8E4899404}"
EndProject
Project("{9A19103F-16F7-4668-BE54-9A1E7A4F7556}") = "LP.UserProfile.Api", "LP.UserProfile.Api\LP.UserProfile.Api.csproj", "{6B59D449-5F72-490B-BFCD-248AAE85CB50}"
EndProject
Project("{9A19103F-16F7-4668-BE54-9A1E7A4F7556}") = "LP.UserProfile.Gateway", "LP.UserProfile.Gateway.Models\LP.UserProfile.Gateway.csproj", "{7E9D959F-4B62-4F62-B24A-81073E2923E7}"
EndProject
Project("{9A19103F-16F7-4668-BE54-9A1E7A4F7556}") = "LP.UserProfile.Tests.Gateway.Api", "LP.UserProfile.Tests.Gateway.Api\LP.UserProfile.Tests.Gateway.Api.csproj", "{D1FE2C8B-C240-44BC-AD44-529331559C73}"
EndProject
Project("{2150E333-8FDC-42A3-9474-1A3956D46DE8}") = "Clients", "Clients", "{F88AE763-4651-4B2E-B687-AD6BC0CA0D6F}"
EndProject
Project("{2150E333-8FDC-42A3-9474-1A3956D46DE8}") = "Web", "Web", "{CC6241A1-83FC-4DF9-ABE0-84E18E339254}"
EndProject
Project("{E53339B2-1760-4266-BCC7-CA923CBCF16C}") = "docker-compose", "docker-compose.dcproj", "{508C5097-ED60-463D-AD57-01EE7AAE557A}"
EndProject
Project("{2150E333-8FDC-42A3-9474-1A3956D46DE8}") = "Mobile", "Mobile", "{1F202C04-8CC7-4E0D-A892-6DFD76EC0B86}"
EndProject
Project("{FAE04EC0-301F-11D3-BF4B-00C04F79EFBC}") = "Clients.Web.Endpoint", "Clients\Web\Clients.Web.Endpoint\Clients.Web.Endpoint.csproj", "{E093C65B-B4D2-4D24-84CC-41F00F688EBC}"
EndProject
Global
	GlobalSection(SolutionConfigurationPlatforms) = preSolution
		Ad-Hoc|Any CPU = Ad-Hoc|Any CPU
		Ad-Hoc|ARM = Ad-Hoc|ARM
		Ad-Hoc|iPhone = Ad-Hoc|iPhone
		Ad-Hoc|iPhoneSimulator = Ad-Hoc|iPhoneSimulator
		Ad-Hoc|x64 = Ad-Hoc|x64
		Ad-Hoc|x86 = Ad-Hoc|x86
		AppStore|Any CPU = AppStore|Any CPU
		AppStore|ARM = AppStore|ARM
		AppStore|iPhone = AppStore|iPhone
		AppStore|iPhoneSimulator = AppStore|iPhoneSimulator
		AppStore|x64 = AppStore|x64
		AppStore|x86 = AppStore|x86
		Debug|Any CPU = Debug|Any CPU
		Debug|ARM = Debug|ARM
		Debug|iPhone = Debug|iPhone
		Debug|iPhoneSimulator = Debug|iPhoneSimulator
		Debug|x64 = Debug|x64
		Debug|x86 = Debug|x86
		Release|Any CPU = Release|Any CPU
		Release|ARM = Release|ARM
		Release|iPhone = Release|iPhone
		Release|iPhoneSimulator = Release|iPhoneSimulator
		Release|x64 = Release|x64
		Release|x86 = Release|x86
	EndGlobalSection
	GlobalSection(ProjectConfigurationPlatforms) = postSolution
		{F1E03A84-19E6-44A9-A408-F62AF3F2FE22}.Ad-Hoc|Any CPU.ActiveCfg = Release|Any CPU
		{F1E03A84-19E6-44A9-A408-F62AF3F2FE22}.Ad-Hoc|Any CPU.Build.0 = Release|Any CPU
		{F1E03A84-19E6-44A9-A408-F62AF3F2FE22}.Ad-Hoc|ARM.ActiveCfg = Release|Any CPU
		{F1E03A84-19E6-44A9-A408-F62AF3F2FE22}.Ad-Hoc|ARM.Build.0 = Release|Any CPU
		{F1E03A84-19E6-44A9-A408-F62AF3F2FE22}.Ad-Hoc|iPhone.ActiveCfg = Release|Any CPU
		{F1E03A84-19E6-44A9-A408-F62AF3F2FE22}.Ad-Hoc|iPhone.Build.0 = Release|Any CPU
		{F1E03A84-19E6-44A9-A408-F62AF3F2FE22}.Ad-Hoc|iPhoneSimulator.ActiveCfg = Release|Any CPU
		{F1E03A84-19E6-44A9-A408-F62AF3F2FE22}.Ad-Hoc|iPhoneSimulator.Build.0 = Release|Any CPU
		{F1E03A84-19E6-44A9-A408-F62AF3F2FE22}.Ad-Hoc|x64.ActiveCfg = Release|Any CPU
		{F1E03A84-19E6-44A9-A408-F62AF3F2FE22}.Ad-Hoc|x64.Build.0 = Release|Any CPU
		{F1E03A84-19E6-44A9-A408-F62AF3F2FE22}.Ad-Hoc|x86.ActiveCfg = Release|Any CPU
		{F1E03A84-19E6-44A9-A408-F62AF3F2FE22}.Ad-Hoc|x86.Build.0 = Release|Any CPU
		{F1E03A84-19E6-44A9-A408-F62AF3F2FE22}.AppStore|Any CPU.ActiveCfg = Release|Any CPU
		{F1E03A84-19E6-44A9-A408-F62AF3F2FE22}.AppStore|Any CPU.Build.0 = Release|Any CPU
		{F1E03A84-19E6-44A9-A408-F62AF3F2FE22}.AppStore|ARM.ActiveCfg = Release|Any CPU
		{F1E03A84-19E6-44A9-A408-F62AF3F2FE22}.AppStore|ARM.Build.0 = Release|Any CPU
		{F1E03A84-19E6-44A9-A408-F62AF3F2FE22}.AppStore|iPhone.ActiveCfg = Release|Any CPU
		{F1E03A84-19E6-44A9-A408-F62AF3F2FE22}.AppStore|iPhone.Build.0 = Release|Any CPU
		{F1E03A84-19E6-44A9-A408-F62AF3F2FE22}.AppStore|iPhoneSimulator.ActiveCfg = Release|Any CPU
		{F1E03A84-19E6-44A9-A408-F62AF3F2FE22}.AppStore|iPhoneSimulator.Build.0 = Release|Any CPU
		{F1E03A84-19E6-44A9-A408-F62AF3F2FE22}.AppStore|x64.ActiveCfg = Release|Any CPU
		{F1E03A84-19E6-44A9-A408-F62AF3F2FE22}.AppStore|x64.Build.0 = Release|Any CPU
		{F1E03A84-19E6-44A9-A408-F62AF3F2FE22}.AppStore|x86.ActiveCfg = Release|Any CPU
		{F1E03A84-19E6-44A9-A408-F62AF3F2FE22}.AppStore|x86.Build.0 = Release|Any CPU
		{F1E03A84-19E6-44A9-A408-F62AF3F2FE22}.Debug|Any CPU.ActiveCfg = Debug|Any CPU
		{F1E03A84-19E6-44A9-A408-F62AF3F2FE22}.Debug|Any CPU.Build.0 = Debug|Any CPU
		{F1E03A84-19E6-44A9-A408-F62AF3F2FE22}.Debug|ARM.ActiveCfg = Debug|Any CPU
		{F1E03A84-19E6-44A9-A408-F62AF3F2FE22}.Debug|ARM.Build.0 = Debug|Any CPU
		{F1E03A84-19E6-44A9-A408-F62AF3F2FE22}.Debug|iPhone.ActiveCfg = Debug|Any CPU
		{F1E03A84-19E6-44A9-A408-F62AF3F2FE22}.Debug|iPhone.Build.0 = Debug|Any CPU
		{F1E03A84-19E6-44A9-A408-F62AF3F2FE22}.Debug|iPhoneSimulator.ActiveCfg = Debug|Any CPU
		{F1E03A84-19E6-44A9-A408-F62AF3F2FE22}.Debug|iPhoneSimulator.Build.0 = Debug|Any CPU
		{F1E03A84-19E6-44A9-A408-F62AF3F2FE22}.Debug|x64.ActiveCfg = Debug|Any CPU
		{F1E03A84-19E6-44A9-A408-F62AF3F2FE22}.Debug|x64.Build.0 = Debug|Any CPU
		{F1E03A84-19E6-44A9-A408-F62AF3F2FE22}.Debug|x86.ActiveCfg = Debug|Any CPU
		{F1E03A84-19E6-44A9-A408-F62AF3F2FE22}.Debug|x86.Build.0 = Debug|Any CPU
		{F1E03A84-19E6-44A9-A408-F62AF3F2FE22}.Release|Any CPU.ActiveCfg = Release|Any CPU
		{F1E03A84-19E6-44A9-A408-F62AF3F2FE22}.Release|Any CPU.Build.0 = Release|Any CPU
		{F1E03A84-19E6-44A9-A408-F62AF3F2FE22}.Release|ARM.ActiveCfg = Release|Any CPU
		{F1E03A84-19E6-44A9-A408-F62AF3F2FE22}.Release|ARM.Build.0 = Release|Any CPU
		{F1E03A84-19E6-44A9-A408-F62AF3F2FE22}.Release|iPhone.ActiveCfg = Release|Any CPU
		{F1E03A84-19E6-44A9-A408-F62AF3F2FE22}.Release|iPhone.Build.0 = Release|Any CPU
		{F1E03A84-19E6-44A9-A408-F62AF3F2FE22}.Release|iPhoneSimulator.ActiveCfg = Release|Any CPU
		{F1E03A84-19E6-44A9-A408-F62AF3F2FE22}.Release|iPhoneSimulator.Build.0 = Release|Any CPU
		{F1E03A84-19E6-44A9-A408-F62AF3F2FE22}.Release|x64.ActiveCfg = Release|Any CPU
		{F1E03A84-19E6-44A9-A408-F62AF3F2FE22}.Release|x64.Build.0 = Release|Any CPU
		{F1E03A84-19E6-44A9-A408-F62AF3F2FE22}.Release|x86.ActiveCfg = Release|Any CPU
		{F1E03A84-19E6-44A9-A408-F62AF3F2FE22}.Release|x86.Build.0 = Release|Any CPU
		{BCD76701-B58A-443A-B547-4584A5098D9F}.Ad-Hoc|Any CPU.ActiveCfg = Release|Any CPU
		{BCD76701-B58A-443A-B547-4584A5098D9F}.Ad-Hoc|Any CPU.Build.0 = Release|Any CPU
		{BCD76701-B58A-443A-B547-4584A5098D9F}.Ad-Hoc|ARM.ActiveCfg = Release|Any CPU
		{BCD76701-B58A-443A-B547-4584A5098D9F}.Ad-Hoc|ARM.Build.0 = Release|Any CPU
		{BCD76701-B58A-443A-B547-4584A5098D9F}.Ad-Hoc|iPhone.ActiveCfg = Release|Any CPU
		{BCD76701-B58A-443A-B547-4584A5098D9F}.Ad-Hoc|iPhone.Build.0 = Release|Any CPU
		{BCD76701-B58A-443A-B547-4584A5098D9F}.Ad-Hoc|iPhoneSimulator.ActiveCfg = Release|Any CPU
		{BCD76701-B58A-443A-B547-4584A5098D9F}.Ad-Hoc|iPhoneSimulator.Build.0 = Release|Any CPU
		{BCD76701-B58A-443A-B547-4584A5098D9F}.Ad-Hoc|x64.ActiveCfg = Release|Any CPU
		{BCD76701-B58A-443A-B547-4584A5098D9F}.Ad-Hoc|x64.Build.0 = Release|Any CPU
		{BCD76701-B58A-443A-B547-4584A5098D9F}.Ad-Hoc|x86.ActiveCfg = Release|Any CPU
		{BCD76701-B58A-443A-B547-4584A5098D9F}.Ad-Hoc|x86.Build.0 = Release|Any CPU
		{BCD76701-B58A-443A-B547-4584A5098D9F}.AppStore|Any CPU.ActiveCfg = Release|Any CPU
		{BCD76701-B58A-443A-B547-4584A5098D9F}.AppStore|Any CPU.Build.0 = Release|Any CPU
		{BCD76701-B58A-443A-B547-4584A5098D9F}.AppStore|ARM.ActiveCfg = Release|Any CPU
		{BCD76701-B58A-443A-B547-4584A5098D9F}.AppStore|ARM.Build.0 = Release|Any CPU
		{BCD76701-B58A-443A-B547-4584A5098D9F}.AppStore|iPhone.ActiveCfg = Release|Any CPU
		{BCD76701-B58A-443A-B547-4584A5098D9F}.AppStore|iPhone.Build.0 = Release|Any CPU
		{BCD76701-B58A-443A-B547-4584A5098D9F}.AppStore|iPhoneSimulator.ActiveCfg = Release|Any CPU
		{BCD76701-B58A-443A-B547-4584A5098D9F}.AppStore|iPhoneSimulator.Build.0 = Release|Any CPU
		{BCD76701-B58A-443A-B547-4584A5098D9F}.AppStore|x64.ActiveCfg = Release|Any CPU
		{BCD76701-B58A-443A-B547-4584A5098D9F}.AppStore|x64.Build.0 = Release|Any CPU
		{BCD76701-B58A-443A-B547-4584A5098D9F}.AppStore|x86.ActiveCfg = Release|Any CPU
		{BCD76701-B58A-443A-B547-4584A5098D9F}.AppStore|x86.Build.0 = Release|Any CPU
		{BCD76701-B58A-443A-B547-4584A5098D9F}.Debug|Any CPU.ActiveCfg = Debug|Any CPU
		{BCD76701-B58A-443A-B547-4584A5098D9F}.Debug|Any CPU.Build.0 = Debug|Any CPU
		{BCD76701-B58A-443A-B547-4584A5098D9F}.Debug|ARM.ActiveCfg = Debug|Any CPU
		{BCD76701-B58A-443A-B547-4584A5098D9F}.Debug|ARM.Build.0 = Debug|Any CPU
		{BCD76701-B58A-443A-B547-4584A5098D9F}.Debug|iPhone.ActiveCfg = Debug|Any CPU
		{BCD76701-B58A-443A-B547-4584A5098D9F}.Debug|iPhone.Build.0 = Debug|Any CPU
		{BCD76701-B58A-443A-B547-4584A5098D9F}.Debug|iPhoneSimulator.ActiveCfg = Debug|Any CPU
		{BCD76701-B58A-443A-B547-4584A5098D9F}.Debug|iPhoneSimulator.Build.0 = Debug|Any CPU
		{BCD76701-B58A-443A-B547-4584A5098D9F}.Debug|x64.ActiveCfg = Debug|Any CPU
		{BCD76701-B58A-443A-B547-4584A5098D9F}.Debug|x64.Build.0 = Debug|Any CPU
		{BCD76701-B58A-443A-B547-4584A5098D9F}.Debug|x86.ActiveCfg = Debug|Any CPU
		{BCD76701-B58A-443A-B547-4584A5098D9F}.Debug|x86.Build.0 = Debug|Any CPU
		{BCD76701-B58A-443A-B547-4584A5098D9F}.Release|Any CPU.ActiveCfg = Release|Any CPU
		{BCD76701-B58A-443A-B547-4584A5098D9F}.Release|Any CPU.Build.0 = Release|Any CPU
		{BCD76701-B58A-443A-B547-4584A5098D9F}.Release|ARM.ActiveCfg = Release|Any CPU
		{BCD76701-B58A-443A-B547-4584A5098D9F}.Release|ARM.Build.0 = Release|Any CPU
		{BCD76701-B58A-443A-B547-4584A5098D9F}.Release|iPhone.ActiveCfg = Release|Any CPU
		{BCD76701-B58A-443A-B547-4584A5098D9F}.Release|iPhone.Build.0 = Release|Any CPU
		{BCD76701-B58A-443A-B547-4584A5098D9F}.Release|iPhoneSimulator.ActiveCfg = Release|Any CPU
		{BCD76701-B58A-443A-B547-4584A5098D9F}.Release|iPhoneSimulator.Build.0 = Release|Any CPU
		{BCD76701-B58A-443A-B547-4584A5098D9F}.Release|x64.ActiveCfg = Release|Any CPU
		{BCD76701-B58A-443A-B547-4584A5098D9F}.Release|x64.Build.0 = Release|Any CPU
		{BCD76701-B58A-443A-B547-4584A5098D9F}.Release|x86.ActiveCfg = Release|Any CPU
		{BCD76701-B58A-443A-B547-4584A5098D9F}.Release|x86.Build.0 = Release|Any CPU
		{7606B1D0-3E87-41B2-85E8-0F1C284EFF4F}.Ad-Hoc|Any CPU.ActiveCfg = Release|Any CPU
		{7606B1D0-3E87-41B2-85E8-0F1C284EFF4F}.Ad-Hoc|Any CPU.Build.0 = Release|Any CPU
		{7606B1D0-3E87-41B2-85E8-0F1C284EFF4F}.Ad-Hoc|ARM.ActiveCfg = Release|Any CPU
		{7606B1D0-3E87-41B2-85E8-0F1C284EFF4F}.Ad-Hoc|ARM.Build.0 = Release|Any CPU
		{7606B1D0-3E87-41B2-85E8-0F1C284EFF4F}.Ad-Hoc|iPhone.ActiveCfg = Release|Any CPU
		{7606B1D0-3E87-41B2-85E8-0F1C284EFF4F}.Ad-Hoc|iPhone.Build.0 = Release|Any CPU
		{7606B1D0-3E87-41B2-85E8-0F1C284EFF4F}.Ad-Hoc|iPhoneSimulator.ActiveCfg = Release|Any CPU
		{7606B1D0-3E87-41B2-85E8-0F1C284EFF4F}.Ad-Hoc|iPhoneSimulator.Build.0 = Release|Any CPU
		{7606B1D0-3E87-41B2-85E8-0F1C284EFF4F}.Ad-Hoc|x64.ActiveCfg = Release|Any CPU
		{7606B1D0-3E87-41B2-85E8-0F1C284EFF4F}.Ad-Hoc|x64.Build.0 = Release|Any CPU
		{7606B1D0-3E87-41B2-85E8-0F1C284EFF4F}.Ad-Hoc|x86.ActiveCfg = Release|Any CPU
		{7606B1D0-3E87-41B2-85E8-0F1C284EFF4F}.Ad-Hoc|x86.Build.0 = Release|Any CPU
		{7606B1D0-3E87-41B2-85E8-0F1C284EFF4F}.AppStore|Any CPU.ActiveCfg = Release|Any CPU
		{7606B1D0-3E87-41B2-85E8-0F1C284EFF4F}.AppStore|Any CPU.Build.0 = Release|Any CPU
		{7606B1D0-3E87-41B2-85E8-0F1C284EFF4F}.AppStore|ARM.ActiveCfg = Release|Any CPU
		{7606B1D0-3E87-41B2-85E8-0F1C284EFF4F}.AppStore|ARM.Build.0 = Release|Any CPU
		{7606B1D0-3E87-41B2-85E8-0F1C284EFF4F}.AppStore|iPhone.ActiveCfg = Release|Any CPU
		{7606B1D0-3E87-41B2-85E8-0F1C284EFF4F}.AppStore|iPhone.Build.0 = Release|Any CPU
		{7606B1D0-3E87-41B2-85E8-0F1C284EFF4F}.AppStore|iPhoneSimulator.ActiveCfg = Release|Any CPU
		{7606B1D0-3E87-41B2-85E8-0F1C284EFF4F}.AppStore|iPhoneSimulator.Build.0 = Release|Any CPU
		{7606B1D0-3E87-41B2-85E8-0F1C284EFF4F}.AppStore|x64.ActiveCfg = Release|Any CPU
		{7606B1D0-3E87-41B2-85E8-0F1C284EFF4F}.AppStore|x64.Build.0 = Release|Any CPU
		{7606B1D0-3E87-41B2-85E8-0F1C284EFF4F}.AppStore|x86.ActiveCfg = Release|Any CPU
		{7606B1D0-3E87-41B2-85E8-0F1C284EFF4F}.AppStore|x86.Build.0 = Release|Any CPU
		{7606B1D0-3E87-41B2-85E8-0F1C284EFF4F}.Debug|Any CPU.ActiveCfg = Debug|Any CPU
		{7606B1D0-3E87-41B2-85E8-0F1C284EFF4F}.Debug|Any CPU.Build.0 = Debug|Any CPU
		{7606B1D0-3E87-41B2-85E8-0F1C284EFF4F}.Debug|ARM.ActiveCfg = Debug|Any CPU
		{7606B1D0-3E87-41B2-85E8-0F1C284EFF4F}.Debug|ARM.Build.0 = Debug|Any CPU
		{7606B1D0-3E87-41B2-85E8-0F1C284EFF4F}.Debug|iPhone.ActiveCfg = Debug|Any CPU
		{7606B1D0-3E87-41B2-85E8-0F1C284EFF4F}.Debug|iPhone.Build.0 = Debug|Any CPU
		{7606B1D0-3E87-41B2-85E8-0F1C284EFF4F}.Debug|iPhoneSimulator.ActiveCfg = Debug|Any CPU
		{7606B1D0-3E87-41B2-85E8-0F1C284EFF4F}.Debug|iPhoneSimulator.Build.0 = Debug|Any CPU
		{7606B1D0-3E87-41B2-85E8-0F1C284EFF4F}.Debug|x64.ActiveCfg = Debug|Any CPU
		{7606B1D0-3E87-41B2-85E8-0F1C284EFF4F}.Debug|x64.Build.0 = Debug|Any CPU
		{7606B1D0-3E87-41B2-85E8-0F1C284EFF4F}.Debug|x86.ActiveCfg = Debug|Any CPU
		{7606B1D0-3E87-41B2-85E8-0F1C284EFF4F}.Debug|x86.Build.0 = Debug|Any CPU
		{7606B1D0-3E87-41B2-85E8-0F1C284EFF4F}.Release|Any CPU.ActiveCfg = Release|Any CPU
		{7606B1D0-3E87-41B2-85E8-0F1C284EFF4F}.Release|Any CPU.Build.0 = Release|Any CPU
		{7606B1D0-3E87-41B2-85E8-0F1C284EFF4F}.Release|ARM.ActiveCfg = Release|Any CPU
		{7606B1D0-3E87-41B2-85E8-0F1C284EFF4F}.Release|ARM.Build.0 = Release|Any CPU
		{7606B1D0-3E87-41B2-85E8-0F1C284EFF4F}.Release|iPhone.ActiveCfg = Release|Any CPU
		{7606B1D0-3E87-41B2-85E8-0F1C284EFF4F}.Release|iPhone.Build.0 = Release|Any CPU
		{7606B1D0-3E87-41B2-85E8-0F1C284EFF4F}.Release|iPhoneSimulator.ActiveCfg = Release|Any CPU
		{7606B1D0-3E87-41B2-85E8-0F1C284EFF4F}.Release|iPhoneSimulator.Build.0 = Release|Any CPU
		{7606B1D0-3E87-41B2-85E8-0F1C284EFF4F}.Release|x64.ActiveCfg = Release|Any CPU
		{7606B1D0-3E87-41B2-85E8-0F1C284EFF4F}.Release|x64.Build.0 = Release|Any CPU
		{7606B1D0-3E87-41B2-85E8-0F1C284EFF4F}.Release|x86.ActiveCfg = Release|Any CPU
		{7606B1D0-3E87-41B2-85E8-0F1C284EFF4F}.Release|x86.Build.0 = Release|Any CPU
		{59B1D32E-4862-45D8-AF7E-E6DF32583B84}.Ad-Hoc|Any CPU.ActiveCfg = Release|Any CPU
		{59B1D32E-4862-45D8-AF7E-E6DF32583B84}.Ad-Hoc|Any CPU.Build.0 = Release|Any CPU
		{59B1D32E-4862-45D8-AF7E-E6DF32583B84}.Ad-Hoc|ARM.ActiveCfg = Release|Any CPU
		{59B1D32E-4862-45D8-AF7E-E6DF32583B84}.Ad-Hoc|ARM.Build.0 = Release|Any CPU
		{59B1D32E-4862-45D8-AF7E-E6DF32583B84}.Ad-Hoc|iPhone.ActiveCfg = Release|Any CPU
		{59B1D32E-4862-45D8-AF7E-E6DF32583B84}.Ad-Hoc|iPhone.Build.0 = Release|Any CPU
		{59B1D32E-4862-45D8-AF7E-E6DF32583B84}.Ad-Hoc|iPhoneSimulator.ActiveCfg = Release|Any CPU
		{59B1D32E-4862-45D8-AF7E-E6DF32583B84}.Ad-Hoc|iPhoneSimulator.Build.0 = Release|Any CPU
		{59B1D32E-4862-45D8-AF7E-E6DF32583B84}.Ad-Hoc|x64.ActiveCfg = Release|Any CPU
		{59B1D32E-4862-45D8-AF7E-E6DF32583B84}.Ad-Hoc|x64.Build.0 = Release|Any CPU
		{59B1D32E-4862-45D8-AF7E-E6DF32583B84}.Ad-Hoc|x86.ActiveCfg = Release|Any CPU
		{59B1D32E-4862-45D8-AF7E-E6DF32583B84}.Ad-Hoc|x86.Build.0 = Release|Any CPU
		{59B1D32E-4862-45D8-AF7E-E6DF32583B84}.AppStore|Any CPU.ActiveCfg = Release|Any CPU
		{59B1D32E-4862-45D8-AF7E-E6DF32583B84}.AppStore|Any CPU.Build.0 = Release|Any CPU
		{59B1D32E-4862-45D8-AF7E-E6DF32583B84}.AppStore|ARM.ActiveCfg = Release|Any CPU
		{59B1D32E-4862-45D8-AF7E-E6DF32583B84}.AppStore|ARM.Build.0 = Release|Any CPU
		{59B1D32E-4862-45D8-AF7E-E6DF32583B84}.AppStore|iPhone.ActiveCfg = Release|Any CPU
		{59B1D32E-4862-45D8-AF7E-E6DF32583B84}.AppStore|iPhone.Build.0 = Release|Any CPU
		{59B1D32E-4862-45D8-AF7E-E6DF32583B84}.AppStore|iPhoneSimulator.ActiveCfg = Release|Any CPU
		{59B1D32E-4862-45D8-AF7E-E6DF32583B84}.AppStore|iPhoneSimulator.Build.0 = Release|Any CPU
		{59B1D32E-4862-45D8-AF7E-E6DF32583B84}.AppStore|x64.ActiveCfg = Release|Any CPU
		{59B1D32E-4862-45D8-AF7E-E6DF32583B84}.AppStore|x64.Build.0 = Release|Any CPU
		{59B1D32E-4862-45D8-AF7E-E6DF32583B84}.AppStore|x86.ActiveCfg = Release|Any CPU
		{59B1D32E-4862-45D8-AF7E-E6DF32583B84}.AppStore|x86.Build.0 = Release|Any CPU
		{59B1D32E-4862-45D8-AF7E-E6DF32583B84}.Debug|Any CPU.ActiveCfg = Debug|Any CPU
		{59B1D32E-4862-45D8-AF7E-E6DF32583B84}.Debug|Any CPU.Build.0 = Debug|Any CPU
		{59B1D32E-4862-45D8-AF7E-E6DF32583B84}.Debug|ARM.ActiveCfg = Debug|Any CPU
		{59B1D32E-4862-45D8-AF7E-E6DF32583B84}.Debug|ARM.Build.0 = Debug|Any CPU
		{59B1D32E-4862-45D8-AF7E-E6DF32583B84}.Debug|iPhone.ActiveCfg = Debug|Any CPU
		{59B1D32E-4862-45D8-AF7E-E6DF32583B84}.Debug|iPhone.Build.0 = Debug|Any CPU
		{59B1D32E-4862-45D8-AF7E-E6DF32583B84}.Debug|iPhoneSimulator.ActiveCfg = Debug|Any CPU
		{59B1D32E-4862-45D8-AF7E-E6DF32583B84}.Debug|iPhoneSimulator.Build.0 = Debug|Any CPU
		{59B1D32E-4862-45D8-AF7E-E6DF32583B84}.Debug|x64.ActiveCfg = Debug|Any CPU
		{59B1D32E-4862-45D8-AF7E-E6DF32583B84}.Debug|x64.Build.0 = Debug|Any CPU
		{59B1D32E-4862-45D8-AF7E-E6DF32583B84}.Debug|x86.ActiveCfg = Debug|Any CPU
		{59B1D32E-4862-45D8-AF7E-E6DF32583B84}.Debug|x86.Build.0 = Debug|Any CPU
		{59B1D32E-4862-45D8-AF7E-E6DF32583B84}.Release|Any CPU.ActiveCfg = Release|Any CPU
		{59B1D32E-4862-45D8-AF7E-E6DF32583B84}.Release|Any CPU.Build.0 = Release|Any CPU
		{59B1D32E-4862-45D8-AF7E-E6DF32583B84}.Release|ARM.ActiveCfg = Release|Any CPU
		{59B1D32E-4862-45D8-AF7E-E6DF32583B84}.Release|ARM.Build.0 = Release|Any CPU
		{59B1D32E-4862-45D8-AF7E-E6DF32583B84}.Release|iPhone.ActiveCfg = Release|Any CPU
		{59B1D32E-4862-45D8-AF7E-E6DF32583B84}.Release|iPhone.Build.0 = Release|Any CPU
		{59B1D32E-4862-45D8-AF7E-E6DF32583B84}.Release|iPhoneSimulator.ActiveCfg = Release|Any CPU
		{59B1D32E-4862-45D8-AF7E-E6DF32583B84}.Release|iPhoneSimulator.Build.0 = Release|Any CPU
		{59B1D32E-4862-45D8-AF7E-E6DF32583B84}.Release|x64.ActiveCfg = Release|Any CPU
		{59B1D32E-4862-45D8-AF7E-E6DF32583B84}.Release|x64.Build.0 = Release|Any CPU
		{59B1D32E-4862-45D8-AF7E-E6DF32583B84}.Release|x86.ActiveCfg = Release|Any CPU
		{59B1D32E-4862-45D8-AF7E-E6DF32583B84}.Release|x86.Build.0 = Release|Any CPU
		{AD518C74-9F40-4B8D-84A7-96877F8F3FCC}.Ad-Hoc|Any CPU.ActiveCfg = Release|Any CPU
		{AD518C74-9F40-4B8D-84A7-96877F8F3FCC}.Ad-Hoc|Any CPU.Build.0 = Release|Any CPU
		{AD518C74-9F40-4B8D-84A7-96877F8F3FCC}.Ad-Hoc|ARM.ActiveCfg = Release|Any CPU
		{AD518C74-9F40-4B8D-84A7-96877F8F3FCC}.Ad-Hoc|ARM.Build.0 = Release|Any CPU
		{AD518C74-9F40-4B8D-84A7-96877F8F3FCC}.Ad-Hoc|iPhone.ActiveCfg = Release|Any CPU
		{AD518C74-9F40-4B8D-84A7-96877F8F3FCC}.Ad-Hoc|iPhone.Build.0 = Release|Any CPU
		{AD518C74-9F40-4B8D-84A7-96877F8F3FCC}.Ad-Hoc|iPhoneSimulator.ActiveCfg = Release|Any CPU
		{AD518C74-9F40-4B8D-84A7-96877F8F3FCC}.Ad-Hoc|iPhoneSimulator.Build.0 = Release|Any CPU
		{AD518C74-9F40-4B8D-84A7-96877F8F3FCC}.Ad-Hoc|x64.ActiveCfg = Release|Any CPU
		{AD518C74-9F40-4B8D-84A7-96877F8F3FCC}.Ad-Hoc|x64.Build.0 = Release|Any CPU
		{AD518C74-9F40-4B8D-84A7-96877F8F3FCC}.Ad-Hoc|x86.ActiveCfg = Release|Any CPU
		{AD518C74-9F40-4B8D-84A7-96877F8F3FCC}.Ad-Hoc|x86.Build.0 = Release|Any CPU
		{AD518C74-9F40-4B8D-84A7-96877F8F3FCC}.AppStore|Any CPU.ActiveCfg = Release|Any CPU
		{AD518C74-9F40-4B8D-84A7-96877F8F3FCC}.AppStore|Any CPU.Build.0 = Release|Any CPU
		{AD518C74-9F40-4B8D-84A7-96877F8F3FCC}.AppStore|ARM.ActiveCfg = Release|Any CPU
		{AD518C74-9F40-4B8D-84A7-96877F8F3FCC}.AppStore|ARM.Build.0 = Release|Any CPU
		{AD518C74-9F40-4B8D-84A7-96877F8F3FCC}.AppStore|iPhone.ActiveCfg = Release|Any CPU
		{AD518C74-9F40-4B8D-84A7-96877F8F3FCC}.AppStore|iPhone.Build.0 = Release|Any CPU
		{AD518C74-9F40-4B8D-84A7-96877F8F3FCC}.AppStore|iPhoneSimulator.ActiveCfg = Release|Any CPU
		{AD518C74-9F40-4B8D-84A7-96877F8F3FCC}.AppStore|iPhoneSimulator.Build.0 = Release|Any CPU
		{AD518C74-9F40-4B8D-84A7-96877F8F3FCC}.AppStore|x64.ActiveCfg = Release|Any CPU
		{AD518C74-9F40-4B8D-84A7-96877F8F3FCC}.AppStore|x64.Build.0 = Release|Any CPU
		{AD518C74-9F40-4B8D-84A7-96877F8F3FCC}.AppStore|x86.ActiveCfg = Release|Any CPU
		{AD518C74-9F40-4B8D-84A7-96877F8F3FCC}.AppStore|x86.Build.0 = Release|Any CPU
		{AD518C74-9F40-4B8D-84A7-96877F8F3FCC}.Debug|Any CPU.ActiveCfg = Debug|Any CPU
		{AD518C74-9F40-4B8D-84A7-96877F8F3FCC}.Debug|Any CPU.Build.0 = Debug|Any CPU
		{AD518C74-9F40-4B8D-84A7-96877F8F3FCC}.Debug|ARM.ActiveCfg = Debug|Any CPU
		{AD518C74-9F40-4B8D-84A7-96877F8F3FCC}.Debug|ARM.Build.0 = Debug|Any CPU
		{AD518C74-9F40-4B8D-84A7-96877F8F3FCC}.Debug|iPhone.ActiveCfg = Debug|Any CPU
		{AD518C74-9F40-4B8D-84A7-96877F8F3FCC}.Debug|iPhone.Build.0 = Debug|Any CPU
		{AD518C74-9F40-4B8D-84A7-96877F8F3FCC}.Debug|iPhoneSimulator.ActiveCfg = Debug|Any CPU
		{AD518C74-9F40-4B8D-84A7-96877F8F3FCC}.Debug|iPhoneSimulator.Build.0 = Debug|Any CPU
		{AD518C74-9F40-4B8D-84A7-96877F8F3FCC}.Debug|x64.ActiveCfg = Debug|Any CPU
		{AD518C74-9F40-4B8D-84A7-96877F8F3FCC}.Debug|x64.Build.0 = Debug|Any CPU
		{AD518C74-9F40-4B8D-84A7-96877F8F3FCC}.Debug|x86.ActiveCfg = Debug|Any CPU
		{AD518C74-9F40-4B8D-84A7-96877F8F3FCC}.Debug|x86.Build.0 = Debug|Any CPU
		{AD518C74-9F40-4B8D-84A7-96877F8F3FCC}.Release|Any CPU.ActiveCfg = Release|Any CPU
		{AD518C74-9F40-4B8D-84A7-96877F8F3FCC}.Release|Any CPU.Build.0 = Release|Any CPU
		{AD518C74-9F40-4B8D-84A7-96877F8F3FCC}.Release|ARM.ActiveCfg = Release|Any CPU
		{AD518C74-9F40-4B8D-84A7-96877F8F3FCC}.Release|ARM.Build.0 = Release|Any CPU
		{AD518C74-9F40-4B8D-84A7-96877F8F3FCC}.Release|iPhone.ActiveCfg = Release|Any CPU
		{AD518C74-9F40-4B8D-84A7-96877F8F3FCC}.Release|iPhone.Build.0 = Release|Any CPU
		{AD518C74-9F40-4B8D-84A7-96877F8F3FCC}.Release|iPhoneSimulator.ActiveCfg = Release|Any CPU
		{AD518C74-9F40-4B8D-84A7-96877F8F3FCC}.Release|iPhoneSimulator.Build.0 = Release|Any CPU
		{AD518C74-9F40-4B8D-84A7-96877F8F3FCC}.Release|x64.ActiveCfg = Release|Any CPU
		{AD518C74-9F40-4B8D-84A7-96877F8F3FCC}.Release|x64.Build.0 = Release|Any CPU
		{AD518C74-9F40-4B8D-84A7-96877F8F3FCC}.Release|x86.ActiveCfg = Release|Any CPU
		{AD518C74-9F40-4B8D-84A7-96877F8F3FCC}.Release|x86.Build.0 = Release|Any CPU
		{795B2420-A3CD-40AA-8BDB-EB264456F3BD}.Ad-Hoc|Any CPU.ActiveCfg = Release|Any CPU
		{795B2420-A3CD-40AA-8BDB-EB264456F3BD}.Ad-Hoc|Any CPU.Build.0 = Release|Any CPU
		{795B2420-A3CD-40AA-8BDB-EB264456F3BD}.Ad-Hoc|ARM.ActiveCfg = Release|Any CPU
		{795B2420-A3CD-40AA-8BDB-EB264456F3BD}.Ad-Hoc|ARM.Build.0 = Release|Any CPU
		{795B2420-A3CD-40AA-8BDB-EB264456F3BD}.Ad-Hoc|iPhone.ActiveCfg = Release|Any CPU
		{795B2420-A3CD-40AA-8BDB-EB264456F3BD}.Ad-Hoc|iPhone.Build.0 = Release|Any CPU
		{795B2420-A3CD-40AA-8BDB-EB264456F3BD}.Ad-Hoc|iPhoneSimulator.ActiveCfg = Release|Any CPU
		{795B2420-A3CD-40AA-8BDB-EB264456F3BD}.Ad-Hoc|iPhoneSimulator.Build.0 = Release|Any CPU
		{795B2420-A3CD-40AA-8BDB-EB264456F3BD}.Ad-Hoc|x64.ActiveCfg = Release|Any CPU
		{795B2420-A3CD-40AA-8BDB-EB264456F3BD}.Ad-Hoc|x64.Build.0 = Release|Any CPU
		{795B2420-A3CD-40AA-8BDB-EB264456F3BD}.Ad-Hoc|x86.ActiveCfg = Release|Any CPU
		{795B2420-A3CD-40AA-8BDB-EB264456F3BD}.Ad-Hoc|x86.Build.0 = Release|Any CPU
		{795B2420-A3CD-40AA-8BDB-EB264456F3BD}.AppStore|Any CPU.ActiveCfg = Release|Any CPU
		{795B2420-A3CD-40AA-8BDB-EB264456F3BD}.AppStore|Any CPU.Build.0 = Release|Any CPU
		{795B2420-A3CD-40AA-8BDB-EB264456F3BD}.AppStore|ARM.ActiveCfg = Release|Any CPU
		{795B2420-A3CD-40AA-8BDB-EB264456F3BD}.AppStore|ARM.Build.0 = Release|Any CPU
		{795B2420-A3CD-40AA-8BDB-EB264456F3BD}.AppStore|iPhone.ActiveCfg = Release|Any CPU
		{795B2420-A3CD-40AA-8BDB-EB264456F3BD}.AppStore|iPhone.Build.0 = Release|Any CPU
		{795B2420-A3CD-40AA-8BDB-EB264456F3BD}.AppStore|iPhoneSimulator.ActiveCfg = Release|Any CPU
		{795B2420-A3CD-40AA-8BDB-EB264456F3BD}.AppStore|iPhoneSimulator.Build.0 = Release|Any CPU
		{795B2420-A3CD-40AA-8BDB-EB264456F3BD}.AppStore|x64.ActiveCfg = Release|Any CPU
		{795B2420-A3CD-40AA-8BDB-EB264456F3BD}.AppStore|x64.Build.0 = Release|Any CPU
		{795B2420-A3CD-40AA-8BDB-EB264456F3BD}.AppStore|x86.ActiveCfg = Release|Any CPU
		{795B2420-A3CD-40AA-8BDB-EB264456F3BD}.AppStore|x86.Build.0 = Release|Any CPU
		{795B2420-A3CD-40AA-8BDB-EB264456F3BD}.Debug|Any CPU.ActiveCfg = Debug|Any CPU
		{795B2420-A3CD-40AA-8BDB-EB264456F3BD}.Debug|Any CPU.Build.0 = Debug|Any CPU
		{795B2420-A3CD-40AA-8BDB-EB264456F3BD}.Debug|ARM.ActiveCfg = Debug|Any CPU
		{795B2420-A3CD-40AA-8BDB-EB264456F3BD}.Debug|ARM.Build.0 = Debug|Any CPU
		{795B2420-A3CD-40AA-8BDB-EB264456F3BD}.Debug|iPhone.ActiveCfg = Debug|Any CPU
		{795B2420-A3CD-40AA-8BDB-EB264456F3BD}.Debug|iPhone.Build.0 = Debug|Any CPU
		{795B2420-A3CD-40AA-8BDB-EB264456F3BD}.Debug|iPhoneSimulator.ActiveCfg = Debug|Any CPU
		{795B2420-A3CD-40AA-8BDB-EB264456F3BD}.Debug|iPhoneSimulator.Build.0 = Debug|Any CPU
		{795B2420-A3CD-40AA-8BDB-EB264456F3BD}.Debug|x64.ActiveCfg = Debug|Any CPU
		{795B2420-A3CD-40AA-8BDB-EB264456F3BD}.Debug|x64.Build.0 = Debug|Any CPU
		{795B2420-A3CD-40AA-8BDB-EB264456F3BD}.Debug|x86.ActiveCfg = Debug|Any CPU
		{795B2420-A3CD-40AA-8BDB-EB264456F3BD}.Debug|x86.Build.0 = Debug|Any CPU
		{795B2420-A3CD-40AA-8BDB-EB264456F3BD}.Release|Any CPU.ActiveCfg = Release|Any CPU
		{795B2420-A3CD-40AA-8BDB-EB264456F3BD}.Release|Any CPU.Build.0 = Release|Any CPU
		{795B2420-A3CD-40AA-8BDB-EB264456F3BD}.Release|ARM.ActiveCfg = Release|Any CPU
		{795B2420-A3CD-40AA-8BDB-EB264456F3BD}.Release|ARM.Build.0 = Release|Any CPU
		{795B2420-A3CD-40AA-8BDB-EB264456F3BD}.Release|iPhone.ActiveCfg = Release|Any CPU
		{795B2420-A3CD-40AA-8BDB-EB264456F3BD}.Release|iPhone.Build.0 = Release|Any CPU
		{795B2420-A3CD-40AA-8BDB-EB264456F3BD}.Release|iPhoneSimulator.ActiveCfg = Release|Any CPU
		{795B2420-A3CD-40AA-8BDB-EB264456F3BD}.Release|iPhoneSimulator.Build.0 = Release|Any CPU
		{795B2420-A3CD-40AA-8BDB-EB264456F3BD}.Release|x64.ActiveCfg = Release|Any CPU
		{795B2420-A3CD-40AA-8BDB-EB264456F3BD}.Release|x64.Build.0 = Release|Any CPU
		{795B2420-A3CD-40AA-8BDB-EB264456F3BD}.Release|x86.ActiveCfg = Release|Any CPU
		{795B2420-A3CD-40AA-8BDB-EB264456F3BD}.Release|x86.Build.0 = Release|Any CPU
		{4028ADD3-6A84-4F7A-8974-A6B5FBC41F3C}.Ad-Hoc|Any CPU.ActiveCfg = Release|Any CPU
		{4028ADD3-6A84-4F7A-8974-A6B5FBC41F3C}.Ad-Hoc|Any CPU.Build.0 = Release|Any CPU
		{4028ADD3-6A84-4F7A-8974-A6B5FBC41F3C}.Ad-Hoc|ARM.ActiveCfg = Release|Any CPU
		{4028ADD3-6A84-4F7A-8974-A6B5FBC41F3C}.Ad-Hoc|ARM.Build.0 = Release|Any CPU
		{4028ADD3-6A84-4F7A-8974-A6B5FBC41F3C}.Ad-Hoc|iPhone.ActiveCfg = Release|Any CPU
		{4028ADD3-6A84-4F7A-8974-A6B5FBC41F3C}.Ad-Hoc|iPhone.Build.0 = Release|Any CPU
		{4028ADD3-6A84-4F7A-8974-A6B5FBC41F3C}.Ad-Hoc|iPhoneSimulator.ActiveCfg = Release|Any CPU
		{4028ADD3-6A84-4F7A-8974-A6B5FBC41F3C}.Ad-Hoc|iPhoneSimulator.Build.0 = Release|Any CPU
		{4028ADD3-6A84-4F7A-8974-A6B5FBC41F3C}.Ad-Hoc|x64.ActiveCfg = Release|Any CPU
		{4028ADD3-6A84-4F7A-8974-A6B5FBC41F3C}.Ad-Hoc|x64.Build.0 = Release|Any CPU
		{4028ADD3-6A84-4F7A-8974-A6B5FBC41F3C}.Ad-Hoc|x86.ActiveCfg = Release|Any CPU
		{4028ADD3-6A84-4F7A-8974-A6B5FBC41F3C}.Ad-Hoc|x86.Build.0 = Release|Any CPU
		{4028ADD3-6A84-4F7A-8974-A6B5FBC41F3C}.AppStore|Any CPU.ActiveCfg = Release|Any CPU
		{4028ADD3-6A84-4F7A-8974-A6B5FBC41F3C}.AppStore|Any CPU.Build.0 = Release|Any CPU
		{4028ADD3-6A84-4F7A-8974-A6B5FBC41F3C}.AppStore|ARM.ActiveCfg = Release|Any CPU
		{4028ADD3-6A84-4F7A-8974-A6B5FBC41F3C}.AppStore|ARM.Build.0 = Release|Any CPU
		{4028ADD3-6A84-4F7A-8974-A6B5FBC41F3C}.AppStore|iPhone.ActiveCfg = Release|Any CPU
		{4028ADD3-6A84-4F7A-8974-A6B5FBC41F3C}.AppStore|iPhone.Build.0 = Release|Any CPU
		{4028ADD3-6A84-4F7A-8974-A6B5FBC41F3C}.AppStore|iPhoneSimulator.ActiveCfg = Release|Any CPU
		{4028ADD3-6A84-4F7A-8974-A6B5FBC41F3C}.AppStore|iPhoneSimulator.Build.0 = Release|Any CPU
		{4028ADD3-6A84-4F7A-8974-A6B5FBC41F3C}.AppStore|x64.ActiveCfg = Release|Any CPU
		{4028ADD3-6A84-4F7A-8974-A6B5FBC41F3C}.AppStore|x64.Build.0 = Release|Any CPU
		{4028ADD3-6A84-4F7A-8974-A6B5FBC41F3C}.AppStore|x86.ActiveCfg = Release|Any CPU
		{4028ADD3-6A84-4F7A-8974-A6B5FBC41F3C}.AppStore|x86.Build.0 = Release|Any CPU
		{4028ADD3-6A84-4F7A-8974-A6B5FBC41F3C}.Debug|Any CPU.ActiveCfg = Debug|Any CPU
		{4028ADD3-6A84-4F7A-8974-A6B5FBC41F3C}.Debug|Any CPU.Build.0 = Debug|Any CPU
		{4028ADD3-6A84-4F7A-8974-A6B5FBC41F3C}.Debug|ARM.ActiveCfg = Debug|Any CPU
		{4028ADD3-6A84-4F7A-8974-A6B5FBC41F3C}.Debug|ARM.Build.0 = Debug|Any CPU
		{4028ADD3-6A84-4F7A-8974-A6B5FBC41F3C}.Debug|iPhone.ActiveCfg = Debug|Any CPU
		{4028ADD3-6A84-4F7A-8974-A6B5FBC41F3C}.Debug|iPhone.Build.0 = Debug|Any CPU
		{4028ADD3-6A84-4F7A-8974-A6B5FBC41F3C}.Debug|iPhoneSimulator.ActiveCfg = Debug|Any CPU
		{4028ADD3-6A84-4F7A-8974-A6B5FBC41F3C}.Debug|iPhoneSimulator.Build.0 = Debug|Any CPU
		{4028ADD3-6A84-4F7A-8974-A6B5FBC41F3C}.Debug|x64.ActiveCfg = Debug|Any CPU
		{4028ADD3-6A84-4F7A-8974-A6B5FBC41F3C}.Debug|x64.Build.0 = Debug|Any CPU
		{4028ADD3-6A84-4F7A-8974-A6B5FBC41F3C}.Debug|x86.ActiveCfg = Debug|Any CPU
		{4028ADD3-6A84-4F7A-8974-A6B5FBC41F3C}.Debug|x86.Build.0 = Debug|Any CPU
		{4028ADD3-6A84-4F7A-8974-A6B5FBC41F3C}.Release|Any CPU.ActiveCfg = Release|Any CPU
		{4028ADD3-6A84-4F7A-8974-A6B5FBC41F3C}.Release|Any CPU.Build.0 = Release|Any CPU
		{4028ADD3-6A84-4F7A-8974-A6B5FBC41F3C}.Release|ARM.ActiveCfg = Release|Any CPU
		{4028ADD3-6A84-4F7A-8974-A6B5FBC41F3C}.Release|ARM.Build.0 = Release|Any CPU
		{4028ADD3-6A84-4F7A-8974-A6B5FBC41F3C}.Release|iPhone.ActiveCfg = Release|Any CPU
		{4028ADD3-6A84-4F7A-8974-A6B5FBC41F3C}.Release|iPhone.Build.0 = Release|Any CPU
		{4028ADD3-6A84-4F7A-8974-A6B5FBC41F3C}.Release|iPhoneSimulator.ActiveCfg = Release|Any CPU
		{4028ADD3-6A84-4F7A-8974-A6B5FBC41F3C}.Release|iPhoneSimulator.Build.0 = Release|Any CPU
		{4028ADD3-6A84-4F7A-8974-A6B5FBC41F3C}.Release|x64.ActiveCfg = Release|Any CPU
		{4028ADD3-6A84-4F7A-8974-A6B5FBC41F3C}.Release|x64.Build.0 = Release|Any CPU
		{4028ADD3-6A84-4F7A-8974-A6B5FBC41F3C}.Release|x86.ActiveCfg = Release|Any CPU
		{4028ADD3-6A84-4F7A-8974-A6B5FBC41F3C}.Release|x86.Build.0 = Release|Any CPU
		{1F9E56A6-6289-40E1-87A4-221332B9889F}.Ad-Hoc|Any CPU.ActiveCfg = Release|Any CPU
		{1F9E56A6-6289-40E1-87A4-221332B9889F}.Ad-Hoc|Any CPU.Build.0 = Release|Any CPU
		{1F9E56A6-6289-40E1-87A4-221332B9889F}.Ad-Hoc|Any CPU.Deploy.0 = Release|Any CPU
		{1F9E56A6-6289-40E1-87A4-221332B9889F}.Ad-Hoc|ARM.ActiveCfg = Release|Any CPU
		{1F9E56A6-6289-40E1-87A4-221332B9889F}.Ad-Hoc|ARM.Build.0 = Release|Any CPU
		{1F9E56A6-6289-40E1-87A4-221332B9889F}.Ad-Hoc|ARM.Deploy.0 = Release|Any CPU
		{1F9E56A6-6289-40E1-87A4-221332B9889F}.Ad-Hoc|iPhone.ActiveCfg = Release|Any CPU
		{1F9E56A6-6289-40E1-87A4-221332B9889F}.Ad-Hoc|iPhone.Build.0 = Release|Any CPU
		{1F9E56A6-6289-40E1-87A4-221332B9889F}.Ad-Hoc|iPhone.Deploy.0 = Release|Any CPU
		{1F9E56A6-6289-40E1-87A4-221332B9889F}.Ad-Hoc|iPhoneSimulator.ActiveCfg = Release|Any CPU
		{1F9E56A6-6289-40E1-87A4-221332B9889F}.Ad-Hoc|iPhoneSimulator.Build.0 = Release|Any CPU
		{1F9E56A6-6289-40E1-87A4-221332B9889F}.Ad-Hoc|iPhoneSimulator.Deploy.0 = Release|Any CPU
		{1F9E56A6-6289-40E1-87A4-221332B9889F}.Ad-Hoc|x64.ActiveCfg = Release|Any CPU
		{1F9E56A6-6289-40E1-87A4-221332B9889F}.Ad-Hoc|x64.Build.0 = Release|Any CPU
		{1F9E56A6-6289-40E1-87A4-221332B9889F}.Ad-Hoc|x64.Deploy.0 = Release|Any CPU
		{1F9E56A6-6289-40E1-87A4-221332B9889F}.Ad-Hoc|x86.ActiveCfg = Release|Any CPU
		{1F9E56A6-6289-40E1-87A4-221332B9889F}.Ad-Hoc|x86.Build.0 = Release|Any CPU
		{1F9E56A6-6289-40E1-87A4-221332B9889F}.Ad-Hoc|x86.Deploy.0 = Release|Any CPU
		{1F9E56A6-6289-40E1-87A4-221332B9889F}.AppStore|Any CPU.ActiveCfg = Release|Any CPU
		{1F9E56A6-6289-40E1-87A4-221332B9889F}.AppStore|Any CPU.Build.0 = Release|Any CPU
		{1F9E56A6-6289-40E1-87A4-221332B9889F}.AppStore|Any CPU.Deploy.0 = Release|Any CPU
		{1F9E56A6-6289-40E1-87A4-221332B9889F}.AppStore|ARM.ActiveCfg = Release|Any CPU
		{1F9E56A6-6289-40E1-87A4-221332B9889F}.AppStore|ARM.Build.0 = Release|Any CPU
		{1F9E56A6-6289-40E1-87A4-221332B9889F}.AppStore|ARM.Deploy.0 = Release|Any CPU
		{1F9E56A6-6289-40E1-87A4-221332B9889F}.AppStore|iPhone.ActiveCfg = Release|Any CPU
		{1F9E56A6-6289-40E1-87A4-221332B9889F}.AppStore|iPhone.Build.0 = Release|Any CPU
		{1F9E56A6-6289-40E1-87A4-221332B9889F}.AppStore|iPhone.Deploy.0 = Release|Any CPU
		{1F9E56A6-6289-40E1-87A4-221332B9889F}.AppStore|iPhoneSimulator.ActiveCfg = Release|Any CPU
		{1F9E56A6-6289-40E1-87A4-221332B9889F}.AppStore|iPhoneSimulator.Build.0 = Release|Any CPU
		{1F9E56A6-6289-40E1-87A4-221332B9889F}.AppStore|iPhoneSimulator.Deploy.0 = Release|Any CPU
		{1F9E56A6-6289-40E1-87A4-221332B9889F}.AppStore|x64.ActiveCfg = Release|Any CPU
		{1F9E56A6-6289-40E1-87A4-221332B9889F}.AppStore|x64.Build.0 = Release|Any CPU
		{1F9E56A6-6289-40E1-87A4-221332B9889F}.AppStore|x64.Deploy.0 = Release|Any CPU
		{1F9E56A6-6289-40E1-87A4-221332B9889F}.AppStore|x86.ActiveCfg = Release|Any CPU
		{1F9E56A6-6289-40E1-87A4-221332B9889F}.AppStore|x86.Build.0 = Release|Any CPU
		{1F9E56A6-6289-40E1-87A4-221332B9889F}.AppStore|x86.Deploy.0 = Release|Any CPU
		{1F9E56A6-6289-40E1-87A4-221332B9889F}.Debug|Any CPU.ActiveCfg = Debug|Any CPU
		{1F9E56A6-6289-40E1-87A4-221332B9889F}.Debug|Any CPU.Build.0 = Debug|Any CPU
		{1F9E56A6-6289-40E1-87A4-221332B9889F}.Debug|Any CPU.Deploy.0 = Debug|Any CPU
		{1F9E56A6-6289-40E1-87A4-221332B9889F}.Debug|ARM.ActiveCfg = Debug|Any CPU
		{1F9E56A6-6289-40E1-87A4-221332B9889F}.Debug|ARM.Build.0 = Debug|Any CPU
		{1F9E56A6-6289-40E1-87A4-221332B9889F}.Debug|ARM.Deploy.0 = Debug|Any CPU
		{1F9E56A6-6289-40E1-87A4-221332B9889F}.Debug|iPhone.ActiveCfg = Debug|Any CPU
		{1F9E56A6-6289-40E1-87A4-221332B9889F}.Debug|iPhone.Build.0 = Debug|Any CPU
		{1F9E56A6-6289-40E1-87A4-221332B9889F}.Debug|iPhone.Deploy.0 = Debug|Any CPU
		{1F9E56A6-6289-40E1-87A4-221332B9889F}.Debug|iPhoneSimulator.ActiveCfg = Debug|Any CPU
		{1F9E56A6-6289-40E1-87A4-221332B9889F}.Debug|iPhoneSimulator.Build.0 = Debug|Any CPU
		{1F9E56A6-6289-40E1-87A4-221332B9889F}.Debug|iPhoneSimulator.Deploy.0 = Debug|Any CPU
		{1F9E56A6-6289-40E1-87A4-221332B9889F}.Debug|x64.ActiveCfg = Debug|Any CPU
		{1F9E56A6-6289-40E1-87A4-221332B9889F}.Debug|x64.Build.0 = Debug|Any CPU
		{1F9E56A6-6289-40E1-87A4-221332B9889F}.Debug|x64.Deploy.0 = Debug|Any CPU
		{1F9E56A6-6289-40E1-87A4-221332B9889F}.Debug|x86.ActiveCfg = Debug|Any CPU
		{1F9E56A6-6289-40E1-87A4-221332B9889F}.Debug|x86.Build.0 = Debug|Any CPU
		{1F9E56A6-6289-40E1-87A4-221332B9889F}.Debug|x86.Deploy.0 = Debug|Any CPU
		{1F9E56A6-6289-40E1-87A4-221332B9889F}.Release|Any CPU.ActiveCfg = Release|Any CPU
		{1F9E56A6-6289-40E1-87A4-221332B9889F}.Release|Any CPU.Build.0 = Release|Any CPU
		{1F9E56A6-6289-40E1-87A4-221332B9889F}.Release|Any CPU.Deploy.0 = Release|Any CPU
		{1F9E56A6-6289-40E1-87A4-221332B9889F}.Release|ARM.ActiveCfg = Release|Any CPU
		{1F9E56A6-6289-40E1-87A4-221332B9889F}.Release|ARM.Build.0 = Release|Any CPU
		{1F9E56A6-6289-40E1-87A4-221332B9889F}.Release|ARM.Deploy.0 = Release|Any CPU
		{1F9E56A6-6289-40E1-87A4-221332B9889F}.Release|iPhone.ActiveCfg = Release|Any CPU
		{1F9E56A6-6289-40E1-87A4-221332B9889F}.Release|iPhone.Build.0 = Release|Any CPU
		{1F9E56A6-6289-40E1-87A4-221332B9889F}.Release|iPhone.Deploy.0 = Release|Any CPU
		{1F9E56A6-6289-40E1-87A4-221332B9889F}.Release|iPhoneSimulator.ActiveCfg = Release|Any CPU
		{1F9E56A6-6289-40E1-87A4-221332B9889F}.Release|iPhoneSimulator.Build.0 = Release|Any CPU
		{1F9E56A6-6289-40E1-87A4-221332B9889F}.Release|iPhoneSimulator.Deploy.0 = Release|Any CPU
		{1F9E56A6-6289-40E1-87A4-221332B9889F}.Release|x64.ActiveCfg = Release|Any CPU
		{1F9E56A6-6289-40E1-87A4-221332B9889F}.Release|x64.Build.0 = Release|Any CPU
		{1F9E56A6-6289-40E1-87A4-221332B9889F}.Release|x64.Deploy.0 = Release|Any CPU
		{1F9E56A6-6289-40E1-87A4-221332B9889F}.Release|x86.ActiveCfg = Release|Any CPU
		{1F9E56A6-6289-40E1-87A4-221332B9889F}.Release|x86.Build.0 = Release|Any CPU
		{1F9E56A6-6289-40E1-87A4-221332B9889F}.Release|x86.Deploy.0 = Release|Any CPU
		{9C3E6DAC-B968-4331-A0DC-A11D514B43C6}.Ad-Hoc|Any CPU.ActiveCfg = Release|Any CPU
		{9C3E6DAC-B968-4331-A0DC-A11D514B43C6}.Ad-Hoc|Any CPU.Build.0 = Release|Any CPU
		{9C3E6DAC-B968-4331-A0DC-A11D514B43C6}.Ad-Hoc|ARM.ActiveCfg = Release|Any CPU
		{9C3E6DAC-B968-4331-A0DC-A11D514B43C6}.Ad-Hoc|ARM.Build.0 = Release|Any CPU
		{9C3E6DAC-B968-4331-A0DC-A11D514B43C6}.Ad-Hoc|iPhone.ActiveCfg = Release|Any CPU
		{9C3E6DAC-B968-4331-A0DC-A11D514B43C6}.Ad-Hoc|iPhone.Build.0 = Release|Any CPU
		{9C3E6DAC-B968-4331-A0DC-A11D514B43C6}.Ad-Hoc|iPhoneSimulator.ActiveCfg = Release|Any CPU
		{9C3E6DAC-B968-4331-A0DC-A11D514B43C6}.Ad-Hoc|iPhoneSimulator.Build.0 = Release|Any CPU
		{9C3E6DAC-B968-4331-A0DC-A11D514B43C6}.Ad-Hoc|x64.ActiveCfg = Release|Any CPU
		{9C3E6DAC-B968-4331-A0DC-A11D514B43C6}.Ad-Hoc|x64.Build.0 = Release|Any CPU
		{9C3E6DAC-B968-4331-A0DC-A11D514B43C6}.Ad-Hoc|x86.ActiveCfg = Release|Any CPU
		{9C3E6DAC-B968-4331-A0DC-A11D514B43C6}.Ad-Hoc|x86.Build.0 = Release|Any CPU
		{9C3E6DAC-B968-4331-A0DC-A11D514B43C6}.AppStore|Any CPU.ActiveCfg = Release|Any CPU
		{9C3E6DAC-B968-4331-A0DC-A11D514B43C6}.AppStore|Any CPU.Build.0 = Release|Any CPU
		{9C3E6DAC-B968-4331-A0DC-A11D514B43C6}.AppStore|ARM.ActiveCfg = Release|Any CPU
		{9C3E6DAC-B968-4331-A0DC-A11D514B43C6}.AppStore|ARM.Build.0 = Release|Any CPU
		{9C3E6DAC-B968-4331-A0DC-A11D514B43C6}.AppStore|iPhone.ActiveCfg = Release|Any CPU
		{9C3E6DAC-B968-4331-A0DC-A11D514B43C6}.AppStore|iPhone.Build.0 = Release|Any CPU
		{9C3E6DAC-B968-4331-A0DC-A11D514B43C6}.AppStore|iPhoneSimulator.ActiveCfg = Release|Any CPU
		{9C3E6DAC-B968-4331-A0DC-A11D514B43C6}.AppStore|iPhoneSimulator.Build.0 = Release|Any CPU
		{9C3E6DAC-B968-4331-A0DC-A11D514B43C6}.AppStore|x64.ActiveCfg = Release|Any CPU
		{9C3E6DAC-B968-4331-A0DC-A11D514B43C6}.AppStore|x64.Build.0 = Release|Any CPU
		{9C3E6DAC-B968-4331-A0DC-A11D514B43C6}.AppStore|x86.ActiveCfg = Release|Any CPU
		{9C3E6DAC-B968-4331-A0DC-A11D514B43C6}.AppStore|x86.Build.0 = Release|Any CPU
		{9C3E6DAC-B968-4331-A0DC-A11D514B43C6}.Debug|Any CPU.ActiveCfg = Debug|Any CPU
		{9C3E6DAC-B968-4331-A0DC-A11D514B43C6}.Debug|Any CPU.Build.0 = Debug|Any CPU
		{9C3E6DAC-B968-4331-A0DC-A11D514B43C6}.Debug|ARM.ActiveCfg = Debug|Any CPU
		{9C3E6DAC-B968-4331-A0DC-A11D514B43C6}.Debug|ARM.Build.0 = Debug|Any CPU
		{9C3E6DAC-B968-4331-A0DC-A11D514B43C6}.Debug|iPhone.ActiveCfg = Debug|Any CPU
		{9C3E6DAC-B968-4331-A0DC-A11D514B43C6}.Debug|iPhone.Build.0 = Debug|Any CPU
		{9C3E6DAC-B968-4331-A0DC-A11D514B43C6}.Debug|iPhoneSimulator.ActiveCfg = Debug|Any CPU
		{9C3E6DAC-B968-4331-A0DC-A11D514B43C6}.Debug|iPhoneSimulator.Build.0 = Debug|Any CPU
		{9C3E6DAC-B968-4331-A0DC-A11D514B43C6}.Debug|x64.ActiveCfg = Debug|Any CPU
		{9C3E6DAC-B968-4331-A0DC-A11D514B43C6}.Debug|x64.Build.0 = Debug|Any CPU
		{9C3E6DAC-B968-4331-A0DC-A11D514B43C6}.Debug|x86.ActiveCfg = Debug|Any CPU
		{9C3E6DAC-B968-4331-A0DC-A11D514B43C6}.Debug|x86.Build.0 = Debug|Any CPU
		{9C3E6DAC-B968-4331-A0DC-A11D514B43C6}.Release|Any CPU.ActiveCfg = Release|Any CPU
		{9C3E6DAC-B968-4331-A0DC-A11D514B43C6}.Release|Any CPU.Build.0 = Release|Any CPU
		{9C3E6DAC-B968-4331-A0DC-A11D514B43C6}.Release|ARM.ActiveCfg = Release|Any CPU
		{9C3E6DAC-B968-4331-A0DC-A11D514B43C6}.Release|ARM.Build.0 = Release|Any CPU
		{9C3E6DAC-B968-4331-A0DC-A11D514B43C6}.Release|iPhone.ActiveCfg = Release|Any CPU
		{9C3E6DAC-B968-4331-A0DC-A11D514B43C6}.Release|iPhone.Build.0 = Release|Any CPU
		{9C3E6DAC-B968-4331-A0DC-A11D514B43C6}.Release|iPhoneSimulator.ActiveCfg = Release|Any CPU
		{9C3E6DAC-B968-4331-A0DC-A11D514B43C6}.Release|iPhoneSimulator.Build.0 = Release|Any CPU
		{9C3E6DAC-B968-4331-A0DC-A11D514B43C6}.Release|x64.ActiveCfg = Release|Any CPU
		{9C3E6DAC-B968-4331-A0DC-A11D514B43C6}.Release|x64.Build.0 = Release|Any CPU
		{9C3E6DAC-B968-4331-A0DC-A11D514B43C6}.Release|x86.ActiveCfg = Release|Any CPU
		{9C3E6DAC-B968-4331-A0DC-A11D514B43C6}.Release|x86.Build.0 = Release|Any CPU
		{EEC8DB38-ED6B-4523-8ECD-ADDF35085CCC}.Ad-Hoc|Any CPU.ActiveCfg = Release|Any CPU
		{EEC8DB38-ED6B-4523-8ECD-ADDF35085CCC}.Ad-Hoc|Any CPU.Build.0 = Release|Any CPU
		{EEC8DB38-ED6B-4523-8ECD-ADDF35085CCC}.Ad-Hoc|ARM.ActiveCfg = Release|Any CPU
		{EEC8DB38-ED6B-4523-8ECD-ADDF35085CCC}.Ad-Hoc|ARM.Build.0 = Release|Any CPU
		{EEC8DB38-ED6B-4523-8ECD-ADDF35085CCC}.Ad-Hoc|iPhone.ActiveCfg = Release|Any CPU
		{EEC8DB38-ED6B-4523-8ECD-ADDF35085CCC}.Ad-Hoc|iPhone.Build.0 = Release|Any CPU
		{EEC8DB38-ED6B-4523-8ECD-ADDF35085CCC}.Ad-Hoc|iPhoneSimulator.ActiveCfg = Release|Any CPU
		{EEC8DB38-ED6B-4523-8ECD-ADDF35085CCC}.Ad-Hoc|iPhoneSimulator.Build.0 = Release|Any CPU
		{EEC8DB38-ED6B-4523-8ECD-ADDF35085CCC}.Ad-Hoc|x64.ActiveCfg = Release|Any CPU
		{EEC8DB38-ED6B-4523-8ECD-ADDF35085CCC}.Ad-Hoc|x64.Build.0 = Release|Any CPU
		{EEC8DB38-ED6B-4523-8ECD-ADDF35085CCC}.Ad-Hoc|x86.ActiveCfg = Release|Any CPU
		{EEC8DB38-ED6B-4523-8ECD-ADDF35085CCC}.Ad-Hoc|x86.Build.0 = Release|Any CPU
		{EEC8DB38-ED6B-4523-8ECD-ADDF35085CCC}.AppStore|Any CPU.ActiveCfg = Release|Any CPU
		{EEC8DB38-ED6B-4523-8ECD-ADDF35085CCC}.AppStore|Any CPU.Build.0 = Release|Any CPU
		{EEC8DB38-ED6B-4523-8ECD-ADDF35085CCC}.AppStore|ARM.ActiveCfg = Release|Any CPU
		{EEC8DB38-ED6B-4523-8ECD-ADDF35085CCC}.AppStore|ARM.Build.0 = Release|Any CPU
		{EEC8DB38-ED6B-4523-8ECD-ADDF35085CCC}.AppStore|iPhone.ActiveCfg = Release|Any CPU
		{EEC8DB38-ED6B-4523-8ECD-ADDF35085CCC}.AppStore|iPhone.Build.0 = Release|Any CPU
		{EEC8DB38-ED6B-4523-8ECD-ADDF35085CCC}.AppStore|iPhoneSimulator.ActiveCfg = Release|Any CPU
		{EEC8DB38-ED6B-4523-8ECD-ADDF35085CCC}.AppStore|iPhoneSimulator.Build.0 = Release|Any CPU
		{EEC8DB38-ED6B-4523-8ECD-ADDF35085CCC}.AppStore|x64.ActiveCfg = Release|Any CPU
		{EEC8DB38-ED6B-4523-8ECD-ADDF35085CCC}.AppStore|x64.Build.0 = Release|Any CPU
		{EEC8DB38-ED6B-4523-8ECD-ADDF35085CCC}.AppStore|x86.ActiveCfg = Release|Any CPU
		{EEC8DB38-ED6B-4523-8ECD-ADDF35085CCC}.AppStore|x86.Build.0 = Release|Any CPU
		{EEC8DB38-ED6B-4523-8ECD-ADDF35085CCC}.Debug|Any CPU.ActiveCfg = Debug|Any CPU
		{EEC8DB38-ED6B-4523-8ECD-ADDF35085CCC}.Debug|Any CPU.Build.0 = Debug|Any CPU
		{EEC8DB38-ED6B-4523-8ECD-ADDF35085CCC}.Debug|ARM.ActiveCfg = Debug|Any CPU
		{EEC8DB38-ED6B-4523-8ECD-ADDF35085CCC}.Debug|ARM.Build.0 = Debug|Any CPU
		{EEC8DB38-ED6B-4523-8ECD-ADDF35085CCC}.Debug|iPhone.ActiveCfg = Debug|Any CPU
		{EEC8DB38-ED6B-4523-8ECD-ADDF35085CCC}.Debug|iPhone.Build.0 = Debug|Any CPU
		{EEC8DB38-ED6B-4523-8ECD-ADDF35085CCC}.Debug|iPhoneSimulator.ActiveCfg = Debug|Any CPU
		{EEC8DB38-ED6B-4523-8ECD-ADDF35085CCC}.Debug|iPhoneSimulator.Build.0 = Debug|Any CPU
		{EEC8DB38-ED6B-4523-8ECD-ADDF35085CCC}.Debug|x64.ActiveCfg = Debug|Any CPU
		{EEC8DB38-ED6B-4523-8ECD-ADDF35085CCC}.Debug|x64.Build.0 = Debug|Any CPU
		{EEC8DB38-ED6B-4523-8ECD-ADDF35085CCC}.Debug|x86.ActiveCfg = Debug|Any CPU
		{EEC8DB38-ED6B-4523-8ECD-ADDF35085CCC}.Debug|x86.Build.0 = Debug|Any CPU
		{EEC8DB38-ED6B-4523-8ECD-ADDF35085CCC}.Release|Any CPU.ActiveCfg = Release|Any CPU
		{EEC8DB38-ED6B-4523-8ECD-ADDF35085CCC}.Release|Any CPU.Build.0 = Release|Any CPU
		{EEC8DB38-ED6B-4523-8ECD-ADDF35085CCC}.Release|ARM.ActiveCfg = Release|Any CPU
		{EEC8DB38-ED6B-4523-8ECD-ADDF35085CCC}.Release|ARM.Build.0 = Release|Any CPU
		{EEC8DB38-ED6B-4523-8ECD-ADDF35085CCC}.Release|iPhone.ActiveCfg = Release|Any CPU
		{EEC8DB38-ED6B-4523-8ECD-ADDF35085CCC}.Release|iPhone.Build.0 = Release|Any CPU
		{EEC8DB38-ED6B-4523-8ECD-ADDF35085CCC}.Release|iPhoneSimulator.ActiveCfg = Release|Any CPU
		{EEC8DB38-ED6B-4523-8ECD-ADDF35085CCC}.Release|iPhoneSimulator.Build.0 = Release|Any CPU
		{EEC8DB38-ED6B-4523-8ECD-ADDF35085CCC}.Release|x64.ActiveCfg = Release|Any CPU
		{EEC8DB38-ED6B-4523-8ECD-ADDF35085CCC}.Release|x64.Build.0 = Release|Any CPU
		{EEC8DB38-ED6B-4523-8ECD-ADDF35085CCC}.Release|x86.ActiveCfg = Release|Any CPU
		{EEC8DB38-ED6B-4523-8ECD-ADDF35085CCC}.Release|x86.Build.0 = Release|Any CPU
		{FCC6C5D5-2040-42BF-A0C9-22D034810761}.Ad-Hoc|Any CPU.ActiveCfg = Release|Any CPU
		{FCC6C5D5-2040-42BF-A0C9-22D034810761}.Ad-Hoc|Any CPU.Build.0 = Release|Any CPU
		{FCC6C5D5-2040-42BF-A0C9-22D034810761}.Ad-Hoc|ARM.ActiveCfg = Release|Any CPU
		{FCC6C5D5-2040-42BF-A0C9-22D034810761}.Ad-Hoc|ARM.Build.0 = Release|Any CPU
		{FCC6C5D5-2040-42BF-A0C9-22D034810761}.Ad-Hoc|iPhone.ActiveCfg = Release|Any CPU
		{FCC6C5D5-2040-42BF-A0C9-22D034810761}.Ad-Hoc|iPhone.Build.0 = Release|Any CPU
		{FCC6C5D5-2040-42BF-A0C9-22D034810761}.Ad-Hoc|iPhoneSimulator.ActiveCfg = Release|Any CPU
		{FCC6C5D5-2040-42BF-A0C9-22D034810761}.Ad-Hoc|iPhoneSimulator.Build.0 = Release|Any CPU
		{FCC6C5D5-2040-42BF-A0C9-22D034810761}.Ad-Hoc|x64.ActiveCfg = Release|Any CPU
		{FCC6C5D5-2040-42BF-A0C9-22D034810761}.Ad-Hoc|x64.Build.0 = Release|Any CPU
		{FCC6C5D5-2040-42BF-A0C9-22D034810761}.Ad-Hoc|x86.ActiveCfg = Release|Any CPU
		{FCC6C5D5-2040-42BF-A0C9-22D034810761}.Ad-Hoc|x86.Build.0 = Release|Any CPU
		{FCC6C5D5-2040-42BF-A0C9-22D034810761}.AppStore|Any CPU.ActiveCfg = Release|Any CPU
		{FCC6C5D5-2040-42BF-A0C9-22D034810761}.AppStore|Any CPU.Build.0 = Release|Any CPU
		{FCC6C5D5-2040-42BF-A0C9-22D034810761}.AppStore|ARM.ActiveCfg = Release|Any CPU
		{FCC6C5D5-2040-42BF-A0C9-22D034810761}.AppStore|ARM.Build.0 = Release|Any CPU
		{FCC6C5D5-2040-42BF-A0C9-22D034810761}.AppStore|iPhone.ActiveCfg = Release|Any CPU
		{FCC6C5D5-2040-42BF-A0C9-22D034810761}.AppStore|iPhone.Build.0 = Release|Any CPU
		{FCC6C5D5-2040-42BF-A0C9-22D034810761}.AppStore|iPhoneSimulator.ActiveCfg = Release|Any CPU
		{FCC6C5D5-2040-42BF-A0C9-22D034810761}.AppStore|iPhoneSimulator.Build.0 = Release|Any CPU
		{FCC6C5D5-2040-42BF-A0C9-22D034810761}.AppStore|x64.ActiveCfg = Release|Any CPU
		{FCC6C5D5-2040-42BF-A0C9-22D034810761}.AppStore|x64.Build.0 = Release|Any CPU
		{FCC6C5D5-2040-42BF-A0C9-22D034810761}.AppStore|x86.ActiveCfg = Release|Any CPU
		{FCC6C5D5-2040-42BF-A0C9-22D034810761}.AppStore|x86.Build.0 = Release|Any CPU
		{FCC6C5D5-2040-42BF-A0C9-22D034810761}.Debug|Any CPU.ActiveCfg = Debug|Any CPU
		{FCC6C5D5-2040-42BF-A0C9-22D034810761}.Debug|Any CPU.Build.0 = Debug|Any CPU
		{FCC6C5D5-2040-42BF-A0C9-22D034810761}.Debug|ARM.ActiveCfg = Debug|Any CPU
		{FCC6C5D5-2040-42BF-A0C9-22D034810761}.Debug|ARM.Build.0 = Debug|Any CPU
		{FCC6C5D5-2040-42BF-A0C9-22D034810761}.Debug|iPhone.ActiveCfg = Debug|Any CPU
		{FCC6C5D5-2040-42BF-A0C9-22D034810761}.Debug|iPhone.Build.0 = Debug|Any CPU
		{FCC6C5D5-2040-42BF-A0C9-22D034810761}.Debug|iPhoneSimulator.ActiveCfg = Debug|Any CPU
		{FCC6C5D5-2040-42BF-A0C9-22D034810761}.Debug|iPhoneSimulator.Build.0 = Debug|Any CPU
		{FCC6C5D5-2040-42BF-A0C9-22D034810761}.Debug|x64.ActiveCfg = Debug|Any CPU
		{FCC6C5D5-2040-42BF-A0C9-22D034810761}.Debug|x64.Build.0 = Debug|Any CPU
		{FCC6C5D5-2040-42BF-A0C9-22D034810761}.Debug|x86.ActiveCfg = Debug|Any CPU
		{FCC6C5D5-2040-42BF-A0C9-22D034810761}.Debug|x86.Build.0 = Debug|Any CPU
		{FCC6C5D5-2040-42BF-A0C9-22D034810761}.Release|Any CPU.ActiveCfg = Release|Any CPU
		{FCC6C5D5-2040-42BF-A0C9-22D034810761}.Release|Any CPU.Build.0 = Release|Any CPU
		{FCC6C5D5-2040-42BF-A0C9-22D034810761}.Release|ARM.ActiveCfg = Release|Any CPU
		{FCC6C5D5-2040-42BF-A0C9-22D034810761}.Release|ARM.Build.0 = Release|Any CPU
		{FCC6C5D5-2040-42BF-A0C9-22D034810761}.Release|iPhone.ActiveCfg = Release|Any CPU
		{FCC6C5D5-2040-42BF-A0C9-22D034810761}.Release|iPhone.Build.0 = Release|Any CPU
		{FCC6C5D5-2040-42BF-A0C9-22D034810761}.Release|iPhoneSimulator.ActiveCfg = Release|Any CPU
		{FCC6C5D5-2040-42BF-A0C9-22D034810761}.Release|iPhoneSimulator.Build.0 = Release|Any CPU
		{FCC6C5D5-2040-42BF-A0C9-22D034810761}.Release|x64.ActiveCfg = Release|Any CPU
		{FCC6C5D5-2040-42BF-A0C9-22D034810761}.Release|x64.Build.0 = Release|Any CPU
		{FCC6C5D5-2040-42BF-A0C9-22D034810761}.Release|x86.ActiveCfg = Release|Any CPU
		{FCC6C5D5-2040-42BF-A0C9-22D034810761}.Release|x86.Build.0 = Release|Any CPU
		{B7544365-C0AA-4AB2-8F16-480D378383AD}.Ad-Hoc|Any CPU.ActiveCfg = Release|Any CPU
		{B7544365-C0AA-4AB2-8F16-480D378383AD}.Ad-Hoc|Any CPU.Build.0 = Release|Any CPU
		{B7544365-C0AA-4AB2-8F16-480D378383AD}.Ad-Hoc|ARM.ActiveCfg = Release|Any CPU
		{B7544365-C0AA-4AB2-8F16-480D378383AD}.Ad-Hoc|ARM.Build.0 = Release|Any CPU
		{B7544365-C0AA-4AB2-8F16-480D378383AD}.Ad-Hoc|iPhone.ActiveCfg = Release|Any CPU
		{B7544365-C0AA-4AB2-8F16-480D378383AD}.Ad-Hoc|iPhone.Build.0 = Release|Any CPU
		{B7544365-C0AA-4AB2-8F16-480D378383AD}.Ad-Hoc|iPhoneSimulator.ActiveCfg = Release|Any CPU
		{B7544365-C0AA-4AB2-8F16-480D378383AD}.Ad-Hoc|iPhoneSimulator.Build.0 = Release|Any CPU
		{B7544365-C0AA-4AB2-8F16-480D378383AD}.Ad-Hoc|x64.ActiveCfg = Release|Any CPU
		{B7544365-C0AA-4AB2-8F16-480D378383AD}.Ad-Hoc|x64.Build.0 = Release|Any CPU
		{B7544365-C0AA-4AB2-8F16-480D378383AD}.Ad-Hoc|x86.ActiveCfg = Release|Any CPU
		{B7544365-C0AA-4AB2-8F16-480D378383AD}.Ad-Hoc|x86.Build.0 = Release|Any CPU
		{B7544365-C0AA-4AB2-8F16-480D378383AD}.AppStore|Any CPU.ActiveCfg = Release|Any CPU
		{B7544365-C0AA-4AB2-8F16-480D378383AD}.AppStore|Any CPU.Build.0 = Release|Any CPU
		{B7544365-C0AA-4AB2-8F16-480D378383AD}.AppStore|ARM.ActiveCfg = Release|Any CPU
		{B7544365-C0AA-4AB2-8F16-480D378383AD}.AppStore|ARM.Build.0 = Release|Any CPU
		{B7544365-C0AA-4AB2-8F16-480D378383AD}.AppStore|iPhone.ActiveCfg = Release|Any CPU
		{B7544365-C0AA-4AB2-8F16-480D378383AD}.AppStore|iPhone.Build.0 = Release|Any CPU
		{B7544365-C0AA-4AB2-8F16-480D378383AD}.AppStore|iPhoneSimulator.ActiveCfg = Release|Any CPU
		{B7544365-C0AA-4AB2-8F16-480D378383AD}.AppStore|iPhoneSimulator.Build.0 = Release|Any CPU
		{B7544365-C0AA-4AB2-8F16-480D378383AD}.AppStore|x64.ActiveCfg = Release|Any CPU
		{B7544365-C0AA-4AB2-8F16-480D378383AD}.AppStore|x64.Build.0 = Release|Any CPU
		{B7544365-C0AA-4AB2-8F16-480D378383AD}.AppStore|x86.ActiveCfg = Release|Any CPU
		{B7544365-C0AA-4AB2-8F16-480D378383AD}.AppStore|x86.Build.0 = Release|Any CPU
		{B7544365-C0AA-4AB2-8F16-480D378383AD}.Debug|Any CPU.ActiveCfg = Debug|Any CPU
		{B7544365-C0AA-4AB2-8F16-480D378383AD}.Debug|Any CPU.Build.0 = Debug|Any CPU
		{B7544365-C0AA-4AB2-8F16-480D378383AD}.Debug|ARM.ActiveCfg = Debug|Any CPU
		{B7544365-C0AA-4AB2-8F16-480D378383AD}.Debug|ARM.Build.0 = Debug|Any CPU
		{B7544365-C0AA-4AB2-8F16-480D378383AD}.Debug|iPhone.ActiveCfg = Debug|Any CPU
		{B7544365-C0AA-4AB2-8F16-480D378383AD}.Debug|iPhone.Build.0 = Debug|Any CPU
		{B7544365-C0AA-4AB2-8F16-480D378383AD}.Debug|iPhoneSimulator.ActiveCfg = Debug|Any CPU
		{B7544365-C0AA-4AB2-8F16-480D378383AD}.Debug|iPhoneSimulator.Build.0 = Debug|Any CPU
		{B7544365-C0AA-4AB2-8F16-480D378383AD}.Debug|x64.ActiveCfg = Debug|Any CPU
		{B7544365-C0AA-4AB2-8F16-480D378383AD}.Debug|x64.Build.0 = Debug|Any CPU
		{B7544365-C0AA-4AB2-8F16-480D378383AD}.Debug|x86.ActiveCfg = Debug|Any CPU
		{B7544365-C0AA-4AB2-8F16-480D378383AD}.Debug|x86.Build.0 = Debug|Any CPU
		{B7544365-C0AA-4AB2-8F16-480D378383AD}.Release|Any CPU.ActiveCfg = Release|Any CPU
		{B7544365-C0AA-4AB2-8F16-480D378383AD}.Release|Any CPU.Build.0 = Release|Any CPU
		{B7544365-C0AA-4AB2-8F16-480D378383AD}.Release|ARM.ActiveCfg = Release|Any CPU
		{B7544365-C0AA-4AB2-8F16-480D378383AD}.Release|ARM.Build.0 = Release|Any CPU
		{B7544365-C0AA-4AB2-8F16-480D378383AD}.Release|iPhone.ActiveCfg = Release|Any CPU
		{B7544365-C0AA-4AB2-8F16-480D378383AD}.Release|iPhone.Build.0 = Release|Any CPU
		{B7544365-C0AA-4AB2-8F16-480D378383AD}.Release|iPhoneSimulator.ActiveCfg = Release|Any CPU
		{B7544365-C0AA-4AB2-8F16-480D378383AD}.Release|iPhoneSimulator.Build.0 = Release|Any CPU
		{B7544365-C0AA-4AB2-8F16-480D378383AD}.Release|x64.ActiveCfg = Release|Any CPU
		{B7544365-C0AA-4AB2-8F16-480D378383AD}.Release|x64.Build.0 = Release|Any CPU
		{B7544365-C0AA-4AB2-8F16-480D378383AD}.Release|x86.ActiveCfg = Release|Any CPU
		{B7544365-C0AA-4AB2-8F16-480D378383AD}.Release|x86.Build.0 = Release|Any CPU
		{E8E3FF1F-A862-4526-8F05-E33FCC785D7A}.Ad-Hoc|Any CPU.ActiveCfg = Release|Any CPU
		{E8E3FF1F-A862-4526-8F05-E33FCC785D7A}.Ad-Hoc|Any CPU.Build.0 = Release|Any CPU
		{E8E3FF1F-A862-4526-8F05-E33FCC785D7A}.Ad-Hoc|ARM.ActiveCfg = Release|Any CPU
		{E8E3FF1F-A862-4526-8F05-E33FCC785D7A}.Ad-Hoc|ARM.Build.0 = Release|Any CPU
		{E8E3FF1F-A862-4526-8F05-E33FCC785D7A}.Ad-Hoc|iPhone.ActiveCfg = Release|Any CPU
		{E8E3FF1F-A862-4526-8F05-E33FCC785D7A}.Ad-Hoc|iPhone.Build.0 = Release|Any CPU
		{E8E3FF1F-A862-4526-8F05-E33FCC785D7A}.Ad-Hoc|iPhoneSimulator.ActiveCfg = Release|Any CPU
		{E8E3FF1F-A862-4526-8F05-E33FCC785D7A}.Ad-Hoc|iPhoneSimulator.Build.0 = Release|Any CPU
		{E8E3FF1F-A862-4526-8F05-E33FCC785D7A}.Ad-Hoc|x64.ActiveCfg = Release|Any CPU
		{E8E3FF1F-A862-4526-8F05-E33FCC785D7A}.Ad-Hoc|x64.Build.0 = Release|Any CPU
		{E8E3FF1F-A862-4526-8F05-E33FCC785D7A}.Ad-Hoc|x86.ActiveCfg = Release|Any CPU
		{E8E3FF1F-A862-4526-8F05-E33FCC785D7A}.Ad-Hoc|x86.Build.0 = Release|Any CPU
		{E8E3FF1F-A862-4526-8F05-E33FCC785D7A}.AppStore|Any CPU.ActiveCfg = Release|Any CPU
		{E8E3FF1F-A862-4526-8F05-E33FCC785D7A}.AppStore|Any CPU.Build.0 = Release|Any CPU
		{E8E3FF1F-A862-4526-8F05-E33FCC785D7A}.AppStore|ARM.ActiveCfg = Release|Any CPU
		{E8E3FF1F-A862-4526-8F05-E33FCC785D7A}.AppStore|ARM.Build.0 = Release|Any CPU
		{E8E3FF1F-A862-4526-8F05-E33FCC785D7A}.AppStore|iPhone.ActiveCfg = Release|Any CPU
		{E8E3FF1F-A862-4526-8F05-E33FCC785D7A}.AppStore|iPhone.Build.0 = Release|Any CPU
		{E8E3FF1F-A862-4526-8F05-E33FCC785D7A}.AppStore|iPhoneSimulator.ActiveCfg = Release|Any CPU
		{E8E3FF1F-A862-4526-8F05-E33FCC785D7A}.AppStore|iPhoneSimulator.Build.0 = Release|Any CPU
		{E8E3FF1F-A862-4526-8F05-E33FCC785D7A}.AppStore|x64.ActiveCfg = Release|Any CPU
		{E8E3FF1F-A862-4526-8F05-E33FCC785D7A}.AppStore|x64.Build.0 = Release|Any CPU
		{E8E3FF1F-A862-4526-8F05-E33FCC785D7A}.AppStore|x86.ActiveCfg = Release|Any CPU
		{E8E3FF1F-A862-4526-8F05-E33FCC785D7A}.AppStore|x86.Build.0 = Release|Any CPU
		{E8E3FF1F-A862-4526-8F05-E33FCC785D7A}.Debug|Any CPU.ActiveCfg = Debug|Any CPU
		{E8E3FF1F-A862-4526-8F05-E33FCC785D7A}.Debug|Any CPU.Build.0 = Debug|Any CPU
		{E8E3FF1F-A862-4526-8F05-E33FCC785D7A}.Debug|ARM.ActiveCfg = Debug|Any CPU
		{E8E3FF1F-A862-4526-8F05-E33FCC785D7A}.Debug|ARM.Build.0 = Debug|Any CPU
		{E8E3FF1F-A862-4526-8F05-E33FCC785D7A}.Debug|iPhone.ActiveCfg = Debug|Any CPU
		{E8E3FF1F-A862-4526-8F05-E33FCC785D7A}.Debug|iPhone.Build.0 = Debug|Any CPU
		{E8E3FF1F-A862-4526-8F05-E33FCC785D7A}.Debug|iPhoneSimulator.ActiveCfg = Debug|Any CPU
		{E8E3FF1F-A862-4526-8F05-E33FCC785D7A}.Debug|iPhoneSimulator.Build.0 = Debug|Any CPU
		{E8E3FF1F-A862-4526-8F05-E33FCC785D7A}.Debug|x64.ActiveCfg = Debug|Any CPU
		{E8E3FF1F-A862-4526-8F05-E33FCC785D7A}.Debug|x64.Build.0 = Debug|Any CPU
		{E8E3FF1F-A862-4526-8F05-E33FCC785D7A}.Debug|x86.ActiveCfg = Debug|Any CPU
		{E8E3FF1F-A862-4526-8F05-E33FCC785D7A}.Debug|x86.Build.0 = Debug|Any CPU
		{E8E3FF1F-A862-4526-8F05-E33FCC785D7A}.Release|Any CPU.ActiveCfg = Release|Any CPU
		{E8E3FF1F-A862-4526-8F05-E33FCC785D7A}.Release|Any CPU.Build.0 = Release|Any CPU
		{E8E3FF1F-A862-4526-8F05-E33FCC785D7A}.Release|ARM.ActiveCfg = Release|Any CPU
		{E8E3FF1F-A862-4526-8F05-E33FCC785D7A}.Release|ARM.Build.0 = Release|Any CPU
		{E8E3FF1F-A862-4526-8F05-E33FCC785D7A}.Release|iPhone.ActiveCfg = Release|Any CPU
		{E8E3FF1F-A862-4526-8F05-E33FCC785D7A}.Release|iPhone.Build.0 = Release|Any CPU
		{E8E3FF1F-A862-4526-8F05-E33FCC785D7A}.Release|iPhoneSimulator.ActiveCfg = Release|Any CPU
		{E8E3FF1F-A862-4526-8F05-E33FCC785D7A}.Release|iPhoneSimulator.Build.0 = Release|Any CPU
		{E8E3FF1F-A862-4526-8F05-E33FCC785D7A}.Release|x64.ActiveCfg = Release|Any CPU
		{E8E3FF1F-A862-4526-8F05-E33FCC785D7A}.Release|x64.Build.0 = Release|Any CPU
		{E8E3FF1F-A862-4526-8F05-E33FCC785D7A}.Release|x86.ActiveCfg = Release|Any CPU
		{E8E3FF1F-A862-4526-8F05-E33FCC785D7A}.Release|x86.Build.0 = Release|Any CPU
		{7AB2F419-A61A-4A57-B0E3-05BFE319B254}.Ad-Hoc|Any CPU.ActiveCfg = Release|Any CPU
		{7AB2F419-A61A-4A57-B0E3-05BFE319B254}.Ad-Hoc|Any CPU.Build.0 = Release|Any CPU
		{7AB2F419-A61A-4A57-B0E3-05BFE319B254}.Ad-Hoc|ARM.ActiveCfg = Release|Any CPU
		{7AB2F419-A61A-4A57-B0E3-05BFE319B254}.Ad-Hoc|ARM.Build.0 = Release|Any CPU
		{7AB2F419-A61A-4A57-B0E3-05BFE319B254}.Ad-Hoc|iPhone.ActiveCfg = Release|Any CPU
		{7AB2F419-A61A-4A57-B0E3-05BFE319B254}.Ad-Hoc|iPhone.Build.0 = Release|Any CPU
		{7AB2F419-A61A-4A57-B0E3-05BFE319B254}.Ad-Hoc|iPhoneSimulator.ActiveCfg = Release|Any CPU
		{7AB2F419-A61A-4A57-B0E3-05BFE319B254}.Ad-Hoc|iPhoneSimulator.Build.0 = Release|Any CPU
		{7AB2F419-A61A-4A57-B0E3-05BFE319B254}.Ad-Hoc|x64.ActiveCfg = Release|Any CPU
		{7AB2F419-A61A-4A57-B0E3-05BFE319B254}.Ad-Hoc|x64.Build.0 = Release|Any CPU
		{7AB2F419-A61A-4A57-B0E3-05BFE319B254}.Ad-Hoc|x86.ActiveCfg = Release|Any CPU
		{7AB2F419-A61A-4A57-B0E3-05BFE319B254}.Ad-Hoc|x86.Build.0 = Release|Any CPU
		{7AB2F419-A61A-4A57-B0E3-05BFE319B254}.AppStore|Any CPU.ActiveCfg = Release|Any CPU
		{7AB2F419-A61A-4A57-B0E3-05BFE319B254}.AppStore|Any CPU.Build.0 = Release|Any CPU
		{7AB2F419-A61A-4A57-B0E3-05BFE319B254}.AppStore|ARM.ActiveCfg = Release|Any CPU
		{7AB2F419-A61A-4A57-B0E3-05BFE319B254}.AppStore|ARM.Build.0 = Release|Any CPU
		{7AB2F419-A61A-4A57-B0E3-05BFE319B254}.AppStore|iPhone.ActiveCfg = Release|Any CPU
		{7AB2F419-A61A-4A57-B0E3-05BFE319B254}.AppStore|iPhone.Build.0 = Release|Any CPU
		{7AB2F419-A61A-4A57-B0E3-05BFE319B254}.AppStore|iPhoneSimulator.ActiveCfg = Release|Any CPU
		{7AB2F419-A61A-4A57-B0E3-05BFE319B254}.AppStore|iPhoneSimulator.Build.0 = Release|Any CPU
		{7AB2F419-A61A-4A57-B0E3-05BFE319B254}.AppStore|x64.ActiveCfg = Release|Any CPU
		{7AB2F419-A61A-4A57-B0E3-05BFE319B254}.AppStore|x64.Build.0 = Release|Any CPU
		{7AB2F419-A61A-4A57-B0E3-05BFE319B254}.AppStore|x86.ActiveCfg = Release|Any CPU
		{7AB2F419-A61A-4A57-B0E3-05BFE319B254}.AppStore|x86.Build.0 = Release|Any CPU
		{7AB2F419-A61A-4A57-B0E3-05BFE319B254}.Debug|Any CPU.ActiveCfg = Debug|Any CPU
		{7AB2F419-A61A-4A57-B0E3-05BFE319B254}.Debug|Any CPU.Build.0 = Debug|Any CPU
		{7AB2F419-A61A-4A57-B0E3-05BFE319B254}.Debug|ARM.ActiveCfg = Debug|Any CPU
		{7AB2F419-A61A-4A57-B0E3-05BFE319B254}.Debug|ARM.Build.0 = Debug|Any CPU
		{7AB2F419-A61A-4A57-B0E3-05BFE319B254}.Debug|iPhone.ActiveCfg = Debug|Any CPU
		{7AB2F419-A61A-4A57-B0E3-05BFE319B254}.Debug|iPhone.Build.0 = Debug|Any CPU
		{7AB2F419-A61A-4A57-B0E3-05BFE319B254}.Debug|iPhoneSimulator.ActiveCfg = Debug|Any CPU
		{7AB2F419-A61A-4A57-B0E3-05BFE319B254}.Debug|iPhoneSimulator.Build.0 = Debug|Any CPU
		{7AB2F419-A61A-4A57-B0E3-05BFE319B254}.Debug|x64.ActiveCfg = Debug|Any CPU
		{7AB2F419-A61A-4A57-B0E3-05BFE319B254}.Debug|x64.Build.0 = Debug|Any CPU
		{7AB2F419-A61A-4A57-B0E3-05BFE319B254}.Debug|x86.ActiveCfg = Debug|Any CPU
		{7AB2F419-A61A-4A57-B0E3-05BFE319B254}.Debug|x86.Build.0 = Debug|Any CPU
		{7AB2F419-A61A-4A57-B0E3-05BFE319B254}.Release|Any CPU.ActiveCfg = Release|Any CPU
		{7AB2F419-A61A-4A57-B0E3-05BFE319B254}.Release|Any CPU.Build.0 = Release|Any CPU
		{7AB2F419-A61A-4A57-B0E3-05BFE319B254}.Release|ARM.ActiveCfg = Release|Any CPU
		{7AB2F419-A61A-4A57-B0E3-05BFE319B254}.Release|ARM.Build.0 = Release|Any CPU
		{7AB2F419-A61A-4A57-B0E3-05BFE319B254}.Release|iPhone.ActiveCfg = Release|Any CPU
		{7AB2F419-A61A-4A57-B0E3-05BFE319B254}.Release|iPhone.Build.0 = Release|Any CPU
		{7AB2F419-A61A-4A57-B0E3-05BFE319B254}.Release|iPhoneSimulator.ActiveCfg = Release|Any CPU
		{7AB2F419-A61A-4A57-B0E3-05BFE319B254}.Release|iPhoneSimulator.Build.0 = Release|Any CPU
		{7AB2F419-A61A-4A57-B0E3-05BFE319B254}.Release|x64.ActiveCfg = Release|Any CPU
		{7AB2F419-A61A-4A57-B0E3-05BFE319B254}.Release|x64.Build.0 = Release|Any CPU
		{7AB2F419-A61A-4A57-B0E3-05BFE319B254}.Release|x86.ActiveCfg = Release|Any CPU
		{7AB2F419-A61A-4A57-B0E3-05BFE319B254}.Release|x86.Build.0 = Release|Any CPU
		{3AE8EB6F-250F-4F4C-B03E-5176A654F65E}.Ad-Hoc|Any CPU.ActiveCfg = Release|Any CPU
		{3AE8EB6F-250F-4F4C-B03E-5176A654F65E}.Ad-Hoc|Any CPU.Build.0 = Release|Any CPU
		{3AE8EB6F-250F-4F4C-B03E-5176A654F65E}.Ad-Hoc|ARM.ActiveCfg = Release|Any CPU
		{3AE8EB6F-250F-4F4C-B03E-5176A654F65E}.Ad-Hoc|ARM.Build.0 = Release|Any CPU
		{3AE8EB6F-250F-4F4C-B03E-5176A654F65E}.Ad-Hoc|iPhone.ActiveCfg = Release|Any CPU
		{3AE8EB6F-250F-4F4C-B03E-5176A654F65E}.Ad-Hoc|iPhone.Build.0 = Release|Any CPU
		{3AE8EB6F-250F-4F4C-B03E-5176A654F65E}.Ad-Hoc|iPhoneSimulator.ActiveCfg = Release|Any CPU
		{3AE8EB6F-250F-4F4C-B03E-5176A654F65E}.Ad-Hoc|iPhoneSimulator.Build.0 = Release|Any CPU
		{3AE8EB6F-250F-4F4C-B03E-5176A654F65E}.Ad-Hoc|x64.ActiveCfg = Release|Any CPU
		{3AE8EB6F-250F-4F4C-B03E-5176A654F65E}.Ad-Hoc|x64.Build.0 = Release|Any CPU
		{3AE8EB6F-250F-4F4C-B03E-5176A654F65E}.Ad-Hoc|x86.ActiveCfg = Release|Any CPU
		{3AE8EB6F-250F-4F4C-B03E-5176A654F65E}.Ad-Hoc|x86.Build.0 = Release|Any CPU
		{3AE8EB6F-250F-4F4C-B03E-5176A654F65E}.AppStore|Any CPU.ActiveCfg = Release|Any CPU
		{3AE8EB6F-250F-4F4C-B03E-5176A654F65E}.AppStore|Any CPU.Build.0 = Release|Any CPU
		{3AE8EB6F-250F-4F4C-B03E-5176A654F65E}.AppStore|ARM.ActiveCfg = Release|Any CPU
		{3AE8EB6F-250F-4F4C-B03E-5176A654F65E}.AppStore|ARM.Build.0 = Release|Any CPU
		{3AE8EB6F-250F-4F4C-B03E-5176A654F65E}.AppStore|iPhone.ActiveCfg = Release|Any CPU
		{3AE8EB6F-250F-4F4C-B03E-5176A654F65E}.AppStore|iPhone.Build.0 = Release|Any CPU
		{3AE8EB6F-250F-4F4C-B03E-5176A654F65E}.AppStore|iPhoneSimulator.ActiveCfg = Release|Any CPU
		{3AE8EB6F-250F-4F4C-B03E-5176A654F65E}.AppStore|iPhoneSimulator.Build.0 = Release|Any CPU
		{3AE8EB6F-250F-4F4C-B03E-5176A654F65E}.AppStore|x64.ActiveCfg = Release|Any CPU
		{3AE8EB6F-250F-4F4C-B03E-5176A654F65E}.AppStore|x64.Build.0 = Release|Any CPU
		{3AE8EB6F-250F-4F4C-B03E-5176A654F65E}.AppStore|x86.ActiveCfg = Release|Any CPU
		{3AE8EB6F-250F-4F4C-B03E-5176A654F65E}.AppStore|x86.Build.0 = Release|Any CPU
		{3AE8EB6F-250F-4F4C-B03E-5176A654F65E}.Debug|Any CPU.ActiveCfg = Debug|Any CPU
		{3AE8EB6F-250F-4F4C-B03E-5176A654F65E}.Debug|Any CPU.Build.0 = Debug|Any CPU
		{3AE8EB6F-250F-4F4C-B03E-5176A654F65E}.Debug|ARM.ActiveCfg = Debug|Any CPU
		{3AE8EB6F-250F-4F4C-B03E-5176A654F65E}.Debug|ARM.Build.0 = Debug|Any CPU
		{3AE8EB6F-250F-4F4C-B03E-5176A654F65E}.Debug|iPhone.ActiveCfg = Debug|Any CPU
		{3AE8EB6F-250F-4F4C-B03E-5176A654F65E}.Debug|iPhone.Build.0 = Debug|Any CPU
		{3AE8EB6F-250F-4F4C-B03E-5176A654F65E}.Debug|iPhoneSimulator.ActiveCfg = Debug|Any CPU
		{3AE8EB6F-250F-4F4C-B03E-5176A654F65E}.Debug|iPhoneSimulator.Build.0 = Debug|Any CPU
		{3AE8EB6F-250F-4F4C-B03E-5176A654F65E}.Debug|x64.ActiveCfg = Debug|Any CPU
		{3AE8EB6F-250F-4F4C-B03E-5176A654F65E}.Debug|x64.Build.0 = Debug|Any CPU
		{3AE8EB6F-250F-4F4C-B03E-5176A654F65E}.Debug|x86.ActiveCfg = Debug|Any CPU
		{3AE8EB6F-250F-4F4C-B03E-5176A654F65E}.Debug|x86.Build.0 = Debug|Any CPU
		{3AE8EB6F-250F-4F4C-B03E-5176A654F65E}.Release|Any CPU.ActiveCfg = Release|Any CPU
		{3AE8EB6F-250F-4F4C-B03E-5176A654F65E}.Release|Any CPU.Build.0 = Release|Any CPU
		{3AE8EB6F-250F-4F4C-B03E-5176A654F65E}.Release|ARM.ActiveCfg = Release|Any CPU
		{3AE8EB6F-250F-4F4C-B03E-5176A654F65E}.Release|ARM.Build.0 = Release|Any CPU
		{3AE8EB6F-250F-4F4C-B03E-5176A654F65E}.Release|iPhone.ActiveCfg = Release|Any CPU
		{3AE8EB6F-250F-4F4C-B03E-5176A654F65E}.Release|iPhone.Build.0 = Release|Any CPU
		{3AE8EB6F-250F-4F4C-B03E-5176A654F65E}.Release|iPhoneSimulator.ActiveCfg = Release|Any CPU
		{3AE8EB6F-250F-4F4C-B03E-5176A654F65E}.Release|iPhoneSimulator.Build.0 = Release|Any CPU
		{3AE8EB6F-250F-4F4C-B03E-5176A654F65E}.Release|x64.ActiveCfg = Release|Any CPU
		{3AE8EB6F-250F-4F4C-B03E-5176A654F65E}.Release|x64.Build.0 = Release|Any CPU
		{3AE8EB6F-250F-4F4C-B03E-5176A654F65E}.Release|x86.ActiveCfg = Release|Any CPU
		{3AE8EB6F-250F-4F4C-B03E-5176A654F65E}.Release|x86.Build.0 = Release|Any CPU
		{6B59D449-5F72-490B-BFCD-248AAE85CB50}.Ad-Hoc|Any CPU.ActiveCfg = Release|Any CPU
		{6B59D449-5F72-490B-BFCD-248AAE85CB50}.Ad-Hoc|Any CPU.Build.0 = Release|Any CPU
		{6B59D449-5F72-490B-BFCD-248AAE85CB50}.Ad-Hoc|ARM.ActiveCfg = Release|Any CPU
		{6B59D449-5F72-490B-BFCD-248AAE85CB50}.Ad-Hoc|ARM.Build.0 = Release|Any CPU
		{6B59D449-5F72-490B-BFCD-248AAE85CB50}.Ad-Hoc|iPhone.ActiveCfg = Release|Any CPU
		{6B59D449-5F72-490B-BFCD-248AAE85CB50}.Ad-Hoc|iPhone.Build.0 = Release|Any CPU
		{6B59D449-5F72-490B-BFCD-248AAE85CB50}.Ad-Hoc|iPhoneSimulator.ActiveCfg = Release|Any CPU
		{6B59D449-5F72-490B-BFCD-248AAE85CB50}.Ad-Hoc|iPhoneSimulator.Build.0 = Release|Any CPU
		{6B59D449-5F72-490B-BFCD-248AAE85CB50}.Ad-Hoc|x64.ActiveCfg = Release|Any CPU
		{6B59D449-5F72-490B-BFCD-248AAE85CB50}.Ad-Hoc|x64.Build.0 = Release|Any CPU
		{6B59D449-5F72-490B-BFCD-248AAE85CB50}.Ad-Hoc|x86.ActiveCfg = Release|Any CPU
		{6B59D449-5F72-490B-BFCD-248AAE85CB50}.Ad-Hoc|x86.Build.0 = Release|Any CPU
		{6B59D449-5F72-490B-BFCD-248AAE85CB50}.AppStore|Any CPU.ActiveCfg = Release|Any CPU
		{6B59D449-5F72-490B-BFCD-248AAE85CB50}.AppStore|Any CPU.Build.0 = Release|Any CPU
		{6B59D449-5F72-490B-BFCD-248AAE85CB50}.AppStore|ARM.ActiveCfg = Release|Any CPU
		{6B59D449-5F72-490B-BFCD-248AAE85CB50}.AppStore|ARM.Build.0 = Release|Any CPU
		{6B59D449-5F72-490B-BFCD-248AAE85CB50}.AppStore|iPhone.ActiveCfg = Release|Any CPU
		{6B59D449-5F72-490B-BFCD-248AAE85CB50}.AppStore|iPhone.Build.0 = Release|Any CPU
		{6B59D449-5F72-490B-BFCD-248AAE85CB50}.AppStore|iPhoneSimulator.ActiveCfg = Release|Any CPU
		{6B59D449-5F72-490B-BFCD-248AAE85CB50}.AppStore|iPhoneSimulator.Build.0 = Release|Any CPU
		{6B59D449-5F72-490B-BFCD-248AAE85CB50}.AppStore|x64.ActiveCfg = Release|Any CPU
		{6B59D449-5F72-490B-BFCD-248AAE85CB50}.AppStore|x64.Build.0 = Release|Any CPU
		{6B59D449-5F72-490B-BFCD-248AAE85CB50}.AppStore|x86.ActiveCfg = Release|Any CPU
		{6B59D449-5F72-490B-BFCD-248AAE85CB50}.AppStore|x86.Build.0 = Release|Any CPU
		{6B59D449-5F72-490B-BFCD-248AAE85CB50}.Debug|Any CPU.ActiveCfg = Debug|Any CPU
		{6B59D449-5F72-490B-BFCD-248AAE85CB50}.Debug|Any CPU.Build.0 = Debug|Any CPU
		{6B59D449-5F72-490B-BFCD-248AAE85CB50}.Debug|ARM.ActiveCfg = Debug|Any CPU
		{6B59D449-5F72-490B-BFCD-248AAE85CB50}.Debug|ARM.Build.0 = Debug|Any CPU
		{6B59D449-5F72-490B-BFCD-248AAE85CB50}.Debug|iPhone.ActiveCfg = Debug|Any CPU
		{6B59D449-5F72-490B-BFCD-248AAE85CB50}.Debug|iPhone.Build.0 = Debug|Any CPU
		{6B59D449-5F72-490B-BFCD-248AAE85CB50}.Debug|iPhoneSimulator.ActiveCfg = Debug|Any CPU
		{6B59D449-5F72-490B-BFCD-248AAE85CB50}.Debug|iPhoneSimulator.Build.0 = Debug|Any CPU
		{6B59D449-5F72-490B-BFCD-248AAE85CB50}.Debug|x64.ActiveCfg = Debug|Any CPU
		{6B59D449-5F72-490B-BFCD-248AAE85CB50}.Debug|x64.Build.0 = Debug|Any CPU
		{6B59D449-5F72-490B-BFCD-248AAE85CB50}.Debug|x86.ActiveCfg = Debug|Any CPU
		{6B59D449-5F72-490B-BFCD-248AAE85CB50}.Debug|x86.Build.0 = Debug|Any CPU
		{6B59D449-5F72-490B-BFCD-248AAE85CB50}.Release|Any CPU.ActiveCfg = Release|Any CPU
		{6B59D449-5F72-490B-BFCD-248AAE85CB50}.Release|Any CPU.Build.0 = Release|Any CPU
		{6B59D449-5F72-490B-BFCD-248AAE85CB50}.Release|ARM.ActiveCfg = Release|Any CPU
		{6B59D449-5F72-490B-BFCD-248AAE85CB50}.Release|ARM.Build.0 = Release|Any CPU
		{6B59D449-5F72-490B-BFCD-248AAE85CB50}.Release|iPhone.ActiveCfg = Release|Any CPU
		{6B59D449-5F72-490B-BFCD-248AAE85CB50}.Release|iPhone.Build.0 = Release|Any CPU
		{6B59D449-5F72-490B-BFCD-248AAE85CB50}.Release|iPhoneSimulator.ActiveCfg = Release|Any CPU
		{6B59D449-5F72-490B-BFCD-248AAE85CB50}.Release|iPhoneSimulator.Build.0 = Release|Any CPU
		{6B59D449-5F72-490B-BFCD-248AAE85CB50}.Release|x64.ActiveCfg = Release|Any CPU
		{6B59D449-5F72-490B-BFCD-248AAE85CB50}.Release|x64.Build.0 = Release|Any CPU
		{6B59D449-5F72-490B-BFCD-248AAE85CB50}.Release|x86.ActiveCfg = Release|Any CPU
		{6B59D449-5F72-490B-BFCD-248AAE85CB50}.Release|x86.Build.0 = Release|Any CPU
		{7E9D959F-4B62-4F62-B24A-81073E2923E7}.Ad-Hoc|Any CPU.ActiveCfg = Release|Any CPU
		{7E9D959F-4B62-4F62-B24A-81073E2923E7}.Ad-Hoc|Any CPU.Build.0 = Release|Any CPU
		{7E9D959F-4B62-4F62-B24A-81073E2923E7}.Ad-Hoc|ARM.ActiveCfg = Release|Any CPU
		{7E9D959F-4B62-4F62-B24A-81073E2923E7}.Ad-Hoc|ARM.Build.0 = Release|Any CPU
		{7E9D959F-4B62-4F62-B24A-81073E2923E7}.Ad-Hoc|iPhone.ActiveCfg = Release|Any CPU
		{7E9D959F-4B62-4F62-B24A-81073E2923E7}.Ad-Hoc|iPhone.Build.0 = Release|Any CPU
		{7E9D959F-4B62-4F62-B24A-81073E2923E7}.Ad-Hoc|iPhoneSimulator.ActiveCfg = Release|Any CPU
		{7E9D959F-4B62-4F62-B24A-81073E2923E7}.Ad-Hoc|iPhoneSimulator.Build.0 = Release|Any CPU
		{7E9D959F-4B62-4F62-B24A-81073E2923E7}.Ad-Hoc|x64.ActiveCfg = Release|Any CPU
		{7E9D959F-4B62-4F62-B24A-81073E2923E7}.Ad-Hoc|x64.Build.0 = Release|Any CPU
		{7E9D959F-4B62-4F62-B24A-81073E2923E7}.Ad-Hoc|x86.ActiveCfg = Release|Any CPU
		{7E9D959F-4B62-4F62-B24A-81073E2923E7}.Ad-Hoc|x86.Build.0 = Release|Any CPU
		{7E9D959F-4B62-4F62-B24A-81073E2923E7}.AppStore|Any CPU.ActiveCfg = Release|Any CPU
		{7E9D959F-4B62-4F62-B24A-81073E2923E7}.AppStore|Any CPU.Build.0 = Release|Any CPU
		{7E9D959F-4B62-4F62-B24A-81073E2923E7}.AppStore|ARM.ActiveCfg = Release|Any CPU
		{7E9D959F-4B62-4F62-B24A-81073E2923E7}.AppStore|ARM.Build.0 = Release|Any CPU
		{7E9D959F-4B62-4F62-B24A-81073E2923E7}.AppStore|iPhone.ActiveCfg = Release|Any CPU
		{7E9D959F-4B62-4F62-B24A-81073E2923E7}.AppStore|iPhone.Build.0 = Release|Any CPU
		{7E9D959F-4B62-4F62-B24A-81073E2923E7}.AppStore|iPhoneSimulator.ActiveCfg = Release|Any CPU
		{7E9D959F-4B62-4F62-B24A-81073E2923E7}.AppStore|iPhoneSimulator.Build.0 = Release|Any CPU
		{7E9D959F-4B62-4F62-B24A-81073E2923E7}.AppStore|x64.ActiveCfg = Release|Any CPU
		{7E9D959F-4B62-4F62-B24A-81073E2923E7}.AppStore|x64.Build.0 = Release|Any CPU
		{7E9D959F-4B62-4F62-B24A-81073E2923E7}.AppStore|x86.ActiveCfg = Release|Any CPU
		{7E9D959F-4B62-4F62-B24A-81073E2923E7}.AppStore|x86.Build.0 = Release|Any CPU
		{7E9D959F-4B62-4F62-B24A-81073E2923E7}.Debug|Any CPU.ActiveCfg = Debug|Any CPU
		{7E9D959F-4B62-4F62-B24A-81073E2923E7}.Debug|Any CPU.Build.0 = Debug|Any CPU
		{7E9D959F-4B62-4F62-B24A-81073E2923E7}.Debug|ARM.ActiveCfg = Debug|Any CPU
		{7E9D959F-4B62-4F62-B24A-81073E2923E7}.Debug|ARM.Build.0 = Debug|Any CPU
		{7E9D959F-4B62-4F62-B24A-81073E2923E7}.Debug|iPhone.ActiveCfg = Debug|Any CPU
		{7E9D959F-4B62-4F62-B24A-81073E2923E7}.Debug|iPhone.Build.0 = Debug|Any CPU
		{7E9D959F-4B62-4F62-B24A-81073E2923E7}.Debug|iPhoneSimulator.ActiveCfg = Debug|Any CPU
		{7E9D959F-4B62-4F62-B24A-81073E2923E7}.Debug|iPhoneSimulator.Build.0 = Debug|Any CPU
		{7E9D959F-4B62-4F62-B24A-81073E2923E7}.Debug|x64.ActiveCfg = Debug|Any CPU
		{7E9D959F-4B62-4F62-B24A-81073E2923E7}.Debug|x64.Build.0 = Debug|Any CPU
		{7E9D959F-4B62-4F62-B24A-81073E2923E7}.Debug|x86.ActiveCfg = Debug|Any CPU
		{7E9D959F-4B62-4F62-B24A-81073E2923E7}.Debug|x86.Build.0 = Debug|Any CPU
		{7E9D959F-4B62-4F62-B24A-81073E2923E7}.Release|Any CPU.ActiveCfg = Release|Any CPU
		{7E9D959F-4B62-4F62-B24A-81073E2923E7}.Release|Any CPU.Build.0 = Release|Any CPU
		{7E9D959F-4B62-4F62-B24A-81073E2923E7}.Release|ARM.ActiveCfg = Release|Any CPU
		{7E9D959F-4B62-4F62-B24A-81073E2923E7}.Release|ARM.Build.0 = Release|Any CPU
		{7E9D959F-4B62-4F62-B24A-81073E2923E7}.Release|iPhone.ActiveCfg = Release|Any CPU
		{7E9D959F-4B62-4F62-B24A-81073E2923E7}.Release|iPhone.Build.0 = Release|Any CPU
		{7E9D959F-4B62-4F62-B24A-81073E2923E7}.Release|iPhoneSimulator.ActiveCfg = Release|Any CPU
		{7E9D959F-4B62-4F62-B24A-81073E2923E7}.Release|iPhoneSimulator.Build.0 = Release|Any CPU
		{7E9D959F-4B62-4F62-B24A-81073E2923E7}.Release|x64.ActiveCfg = Release|Any CPU
		{7E9D959F-4B62-4F62-B24A-81073E2923E7}.Release|x64.Build.0 = Release|Any CPU
		{7E9D959F-4B62-4F62-B24A-81073E2923E7}.Release|x86.ActiveCfg = Release|Any CPU
		{7E9D959F-4B62-4F62-B24A-81073E2923E7}.Release|x86.Build.0 = Release|Any CPU
		{D1FE2C8B-C240-44BC-AD44-529331559C73}.Ad-Hoc|Any CPU.ActiveCfg = Release|Any CPU
		{D1FE2C8B-C240-44BC-AD44-529331559C73}.Ad-Hoc|Any CPU.Build.0 = Release|Any CPU
		{D1FE2C8B-C240-44BC-AD44-529331559C73}.Ad-Hoc|ARM.ActiveCfg = Release|Any CPU
		{D1FE2C8B-C240-44BC-AD44-529331559C73}.Ad-Hoc|ARM.Build.0 = Release|Any CPU
		{D1FE2C8B-C240-44BC-AD44-529331559C73}.Ad-Hoc|iPhone.ActiveCfg = Release|Any CPU
		{D1FE2C8B-C240-44BC-AD44-529331559C73}.Ad-Hoc|iPhone.Build.0 = Release|Any CPU
		{D1FE2C8B-C240-44BC-AD44-529331559C73}.Ad-Hoc|iPhoneSimulator.ActiveCfg = Release|Any CPU
		{D1FE2C8B-C240-44BC-AD44-529331559C73}.Ad-Hoc|iPhoneSimulator.Build.0 = Release|Any CPU
		{D1FE2C8B-C240-44BC-AD44-529331559C73}.Ad-Hoc|x64.ActiveCfg = Release|Any CPU
		{D1FE2C8B-C240-44BC-AD44-529331559C73}.Ad-Hoc|x64.Build.0 = Release|Any CPU
		{D1FE2C8B-C240-44BC-AD44-529331559C73}.Ad-Hoc|x86.ActiveCfg = Release|Any CPU
		{D1FE2C8B-C240-44BC-AD44-529331559C73}.Ad-Hoc|x86.Build.0 = Release|Any CPU
		{D1FE2C8B-C240-44BC-AD44-529331559C73}.AppStore|Any CPU.ActiveCfg = Release|Any CPU
		{D1FE2C8B-C240-44BC-AD44-529331559C73}.AppStore|Any CPU.Build.0 = Release|Any CPU
		{D1FE2C8B-C240-44BC-AD44-529331559C73}.AppStore|ARM.ActiveCfg = Release|Any CPU
		{D1FE2C8B-C240-44BC-AD44-529331559C73}.AppStore|ARM.Build.0 = Release|Any CPU
		{D1FE2C8B-C240-44BC-AD44-529331559C73}.AppStore|iPhone.ActiveCfg = Release|Any CPU
		{D1FE2C8B-C240-44BC-AD44-529331559C73}.AppStore|iPhone.Build.0 = Release|Any CPU
		{D1FE2C8B-C240-44BC-AD44-529331559C73}.AppStore|iPhoneSimulator.ActiveCfg = Release|Any CPU
		{D1FE2C8B-C240-44BC-AD44-529331559C73}.AppStore|iPhoneSimulator.Build.0 = Release|Any CPU
		{D1FE2C8B-C240-44BC-AD44-529331559C73}.AppStore|x64.ActiveCfg = Release|Any CPU
		{D1FE2C8B-C240-44BC-AD44-529331559C73}.AppStore|x64.Build.0 = Release|Any CPU
		{D1FE2C8B-C240-44BC-AD44-529331559C73}.AppStore|x86.ActiveCfg = Release|Any CPU
		{D1FE2C8B-C240-44BC-AD44-529331559C73}.AppStore|x86.Build.0 = Release|Any CPU
		{D1FE2C8B-C240-44BC-AD44-529331559C73}.Debug|Any CPU.ActiveCfg = Debug|Any CPU
		{D1FE2C8B-C240-44BC-AD44-529331559C73}.Debug|Any CPU.Build.0 = Debug|Any CPU
		{D1FE2C8B-C240-44BC-AD44-529331559C73}.Debug|ARM.ActiveCfg = Debug|Any CPU
		{D1FE2C8B-C240-44BC-AD44-529331559C73}.Debug|ARM.Build.0 = Debug|Any CPU
		{D1FE2C8B-C240-44BC-AD44-529331559C73}.Debug|iPhone.ActiveCfg = Debug|Any CPU
		{D1FE2C8B-C240-44BC-AD44-529331559C73}.Debug|iPhone.Build.0 = Debug|Any CPU
		{D1FE2C8B-C240-44BC-AD44-529331559C73}.Debug|iPhoneSimulator.ActiveCfg = Debug|Any CPU
		{D1FE2C8B-C240-44BC-AD44-529331559C73}.Debug|iPhoneSimulator.Build.0 = Debug|Any CPU
		{D1FE2C8B-C240-44BC-AD44-529331559C73}.Debug|x64.ActiveCfg = Debug|Any CPU
		{D1FE2C8B-C240-44BC-AD44-529331559C73}.Debug|x64.Build.0 = Debug|Any CPU
		{D1FE2C8B-C240-44BC-AD44-529331559C73}.Debug|x86.ActiveCfg = Debug|Any CPU
		{D1FE2C8B-C240-44BC-AD44-529331559C73}.Debug|x86.Build.0 = Debug|Any CPU
		{D1FE2C8B-C240-44BC-AD44-529331559C73}.Release|Any CPU.ActiveCfg = Release|Any CPU
		{D1FE2C8B-C240-44BC-AD44-529331559C73}.Release|Any CPU.Build.0 = Release|Any CPU
		{D1FE2C8B-C240-44BC-AD44-529331559C73}.Release|ARM.ActiveCfg = Release|Any CPU
		{D1FE2C8B-C240-44BC-AD44-529331559C73}.Release|ARM.Build.0 = Release|Any CPU
		{D1FE2C8B-C240-44BC-AD44-529331559C73}.Release|iPhone.ActiveCfg = Release|Any CPU
		{D1FE2C8B-C240-44BC-AD44-529331559C73}.Release|iPhone.Build.0 = Release|Any CPU
		{D1FE2C8B-C240-44BC-AD44-529331559C73}.Release|iPhoneSimulator.ActiveCfg = Release|Any CPU
		{D1FE2C8B-C240-44BC-AD44-529331559C73}.Release|iPhoneSimulator.Build.0 = Release|Any CPU
		{D1FE2C8B-C240-44BC-AD44-529331559C73}.Release|x64.ActiveCfg = Release|Any CPU
		{D1FE2C8B-C240-44BC-AD44-529331559C73}.Release|x64.Build.0 = Release|Any CPU
		{D1FE2C8B-C240-44BC-AD44-529331559C73}.Release|x86.ActiveCfg = Release|Any CPU
		{D1FE2C8B-C240-44BC-AD44-529331559C73}.Release|x86.Build.0 = Release|Any CPU
		{508C5097-ED60-463D-AD57-01EE7AAE557A}.Ad-Hoc|Any CPU.ActiveCfg = Release|Any CPU
		{508C5097-ED60-463D-AD57-01EE7AAE557A}.Ad-Hoc|Any CPU.Build.0 = Release|Any CPU
		{508C5097-ED60-463D-AD57-01EE7AAE557A}.Ad-Hoc|ARM.ActiveCfg = Release|Any CPU
		{508C5097-ED60-463D-AD57-01EE7AAE557A}.Ad-Hoc|ARM.Build.0 = Release|Any CPU
		{508C5097-ED60-463D-AD57-01EE7AAE557A}.Ad-Hoc|iPhone.ActiveCfg = Release|Any CPU
		{508C5097-ED60-463D-AD57-01EE7AAE557A}.Ad-Hoc|iPhone.Build.0 = Release|Any CPU
		{508C5097-ED60-463D-AD57-01EE7AAE557A}.Ad-Hoc|iPhoneSimulator.ActiveCfg = Release|Any CPU
		{508C5097-ED60-463D-AD57-01EE7AAE557A}.Ad-Hoc|iPhoneSimulator.Build.0 = Release|Any CPU
		{508C5097-ED60-463D-AD57-01EE7AAE557A}.Ad-Hoc|x64.ActiveCfg = Release|Any CPU
		{508C5097-ED60-463D-AD57-01EE7AAE557A}.Ad-Hoc|x64.Build.0 = Release|Any CPU
		{508C5097-ED60-463D-AD57-01EE7AAE557A}.Ad-Hoc|x86.ActiveCfg = Release|Any CPU
		{508C5097-ED60-463D-AD57-01EE7AAE557A}.Ad-Hoc|x86.Build.0 = Release|Any CPU
		{508C5097-ED60-463D-AD57-01EE7AAE557A}.AppStore|Any CPU.ActiveCfg = Release|Any CPU
		{508C5097-ED60-463D-AD57-01EE7AAE557A}.AppStore|Any CPU.Build.0 = Release|Any CPU
		{508C5097-ED60-463D-AD57-01EE7AAE557A}.AppStore|ARM.ActiveCfg = Release|Any CPU
		{508C5097-ED60-463D-AD57-01EE7AAE557A}.AppStore|ARM.Build.0 = Release|Any CPU
		{508C5097-ED60-463D-AD57-01EE7AAE557A}.AppStore|iPhone.ActiveCfg = Release|Any CPU
		{508C5097-ED60-463D-AD57-01EE7AAE557A}.AppStore|iPhone.Build.0 = Release|Any CPU
		{508C5097-ED60-463D-AD57-01EE7AAE557A}.AppStore|iPhoneSimulator.ActiveCfg = Release|Any CPU
		{508C5097-ED60-463D-AD57-01EE7AAE557A}.AppStore|iPhoneSimulator.Build.0 = Release|Any CPU
		{508C5097-ED60-463D-AD57-01EE7AAE557A}.AppStore|x64.ActiveCfg = Release|Any CPU
		{508C5097-ED60-463D-AD57-01EE7AAE557A}.AppStore|x64.Build.0 = Release|Any CPU
		{508C5097-ED60-463D-AD57-01EE7AAE557A}.AppStore|x86.ActiveCfg = Release|Any CPU
		{508C5097-ED60-463D-AD57-01EE7AAE557A}.AppStore|x86.Build.0 = Release|Any CPU
		{508C5097-ED60-463D-AD57-01EE7AAE557A}.Debug|Any CPU.ActiveCfg = Debug|Any CPU
		{508C5097-ED60-463D-AD57-01EE7AAE557A}.Debug|Any CPU.Build.0 = Debug|Any CPU
		{508C5097-ED60-463D-AD57-01EE7AAE557A}.Debug|ARM.ActiveCfg = Debug|Any CPU
		{508C5097-ED60-463D-AD57-01EE7AAE557A}.Debug|ARM.Build.0 = Debug|Any CPU
		{508C5097-ED60-463D-AD57-01EE7AAE557A}.Debug|iPhone.ActiveCfg = Debug|Any CPU
		{508C5097-ED60-463D-AD57-01EE7AAE557A}.Debug|iPhone.Build.0 = Debug|Any CPU
		{508C5097-ED60-463D-AD57-01EE7AAE557A}.Debug|iPhoneSimulator.ActiveCfg = Debug|Any CPU
		{508C5097-ED60-463D-AD57-01EE7AAE557A}.Debug|iPhoneSimulator.Build.0 = Debug|Any CPU
		{508C5097-ED60-463D-AD57-01EE7AAE557A}.Debug|x64.ActiveCfg = Debug|Any CPU
		{508C5097-ED60-463D-AD57-01EE7AAE557A}.Debug|x64.Build.0 = Debug|Any CPU
		{508C5097-ED60-463D-AD57-01EE7AAE557A}.Debug|x86.ActiveCfg = Debug|Any CPU
		{508C5097-ED60-463D-AD57-01EE7AAE557A}.Debug|x86.Build.0 = Debug|Any CPU
		{508C5097-ED60-463D-AD57-01EE7AAE557A}.Release|Any CPU.ActiveCfg = Release|Any CPU
		{508C5097-ED60-463D-AD57-01EE7AAE557A}.Release|Any CPU.Build.0 = Release|Any CPU
		{508C5097-ED60-463D-AD57-01EE7AAE557A}.Release|ARM.ActiveCfg = Release|Any CPU
		{508C5097-ED60-463D-AD57-01EE7AAE557A}.Release|ARM.Build.0 = Release|Any CPU
		{508C5097-ED60-463D-AD57-01EE7AAE557A}.Release|iPhone.ActiveCfg = Release|Any CPU
		{508C5097-ED60-463D-AD57-01EE7AAE557A}.Release|iPhone.Build.0 = Release|Any CPU
		{508C5097-ED60-463D-AD57-01EE7AAE557A}.Release|iPhoneSimulator.ActiveCfg = Release|Any CPU
		{508C5097-ED60-463D-AD57-01EE7AAE557A}.Release|iPhoneSimulator.Build.0 = Release|Any CPU
		{508C5097-ED60-463D-AD57-01EE7AAE557A}.Release|x64.ActiveCfg = Release|Any CPU
		{508C5097-ED60-463D-AD57-01EE7AAE557A}.Release|x64.Build.0 = Release|Any CPU
		{508C5097-ED60-463D-AD57-01EE7AAE557A}.Release|x86.ActiveCfg = Release|Any CPU
		{508C5097-ED60-463D-AD57-01EE7AAE557A}.Release|x86.Build.0 = Release|Any CPU
		{E093C65B-B4D2-4D24-84CC-41F00F688EBC}.Ad-Hoc|Any CPU.ActiveCfg = Debug|Any CPU
		{E093C65B-B4D2-4D24-84CC-41F00F688EBC}.Ad-Hoc|Any CPU.Build.0 = Debug|Any CPU
		{E093C65B-B4D2-4D24-84CC-41F00F688EBC}.Ad-Hoc|ARM.ActiveCfg = Debug|Any CPU
		{E093C65B-B4D2-4D24-84CC-41F00F688EBC}.Ad-Hoc|ARM.Build.0 = Debug|Any CPU
		{E093C65B-B4D2-4D24-84CC-41F00F688EBC}.Ad-Hoc|iPhone.ActiveCfg = Debug|Any CPU
		{E093C65B-B4D2-4D24-84CC-41F00F688EBC}.Ad-Hoc|iPhone.Build.0 = Debug|Any CPU
		{E093C65B-B4D2-4D24-84CC-41F00F688EBC}.Ad-Hoc|iPhoneSimulator.ActiveCfg = Debug|Any CPU
		{E093C65B-B4D2-4D24-84CC-41F00F688EBC}.Ad-Hoc|iPhoneSimulator.Build.0 = Debug|Any CPU
		{E093C65B-B4D2-4D24-84CC-41F00F688EBC}.Ad-Hoc|x64.ActiveCfg = Debug|Any CPU
		{E093C65B-B4D2-4D24-84CC-41F00F688EBC}.Ad-Hoc|x64.Build.0 = Debug|Any CPU
		{E093C65B-B4D2-4D24-84CC-41F00F688EBC}.Ad-Hoc|x86.ActiveCfg = Debug|Any CPU
		{E093C65B-B4D2-4D24-84CC-41F00F688EBC}.Ad-Hoc|x86.Build.0 = Debug|Any CPU
		{E093C65B-B4D2-4D24-84CC-41F00F688EBC}.AppStore|Any CPU.ActiveCfg = Debug|Any CPU
		{E093C65B-B4D2-4D24-84CC-41F00F688EBC}.AppStore|Any CPU.Build.0 = Debug|Any CPU
		{E093C65B-B4D2-4D24-84CC-41F00F688EBC}.AppStore|ARM.ActiveCfg = Debug|Any CPU
		{E093C65B-B4D2-4D24-84CC-41F00F688EBC}.AppStore|ARM.Build.0 = Debug|Any CPU
		{E093C65B-B4D2-4D24-84CC-41F00F688EBC}.AppStore|iPhone.ActiveCfg = Debug|Any CPU
		{E093C65B-B4D2-4D24-84CC-41F00F688EBC}.AppStore|iPhone.Build.0 = Debug|Any CPU
		{E093C65B-B4D2-4D24-84CC-41F00F688EBC}.AppStore|iPhoneSimulator.ActiveCfg = Debug|Any CPU
		{E093C65B-B4D2-4D24-84CC-41F00F688EBC}.AppStore|iPhoneSimulator.Build.0 = Debug|Any CPU
		{E093C65B-B4D2-4D24-84CC-41F00F688EBC}.AppStore|x64.ActiveCfg = Debug|Any CPU
		{E093C65B-B4D2-4D24-84CC-41F00F688EBC}.AppStore|x64.Build.0 = Debug|Any CPU
		{E093C65B-B4D2-4D24-84CC-41F00F688EBC}.AppStore|x86.ActiveCfg = Debug|Any CPU
		{E093C65B-B4D2-4D24-84CC-41F00F688EBC}.AppStore|x86.Build.0 = Debug|Any CPU
		{E093C65B-B4D2-4D24-84CC-41F00F688EBC}.Debug|Any CPU.ActiveCfg = Debug|Any CPU
		{E093C65B-B4D2-4D24-84CC-41F00F688EBC}.Debug|Any CPU.Build.0 = Debug|Any CPU
		{E093C65B-B4D2-4D24-84CC-41F00F688EBC}.Debug|ARM.ActiveCfg = Debug|Any CPU
		{E093C65B-B4D2-4D24-84CC-41F00F688EBC}.Debug|ARM.Build.0 = Debug|Any CPU
		{E093C65B-B4D2-4D24-84CC-41F00F688EBC}.Debug|iPhone.ActiveCfg = Debug|Any CPU
		{E093C65B-B4D2-4D24-84CC-41F00F688EBC}.Debug|iPhone.Build.0 = Debug|Any CPU
		{E093C65B-B4D2-4D24-84CC-41F00F688EBC}.Debug|iPhoneSimulator.ActiveCfg = Debug|Any CPU
		{E093C65B-B4D2-4D24-84CC-41F00F688EBC}.Debug|iPhoneSimulator.Build.0 = Debug|Any CPU
		{E093C65B-B4D2-4D24-84CC-41F00F688EBC}.Debug|x64.ActiveCfg = Debug|Any CPU
		{E093C65B-B4D2-4D24-84CC-41F00F688EBC}.Debug|x64.Build.0 = Debug|Any CPU
		{E093C65B-B4D2-4D24-84CC-41F00F688EBC}.Debug|x86.ActiveCfg = Debug|Any CPU
		{E093C65B-B4D2-4D24-84CC-41F00F688EBC}.Debug|x86.Build.0 = Debug|Any CPU
		{E093C65B-B4D2-4D24-84CC-41F00F688EBC}.Release|Any CPU.ActiveCfg = Release|Any CPU
		{E093C65B-B4D2-4D24-84CC-41F00F688EBC}.Release|Any CPU.Build.0 = Release|Any CPU
		{E093C65B-B4D2-4D24-84CC-41F00F688EBC}.Release|ARM.ActiveCfg = Release|Any CPU
		{E093C65B-B4D2-4D24-84CC-41F00F688EBC}.Release|ARM.Build.0 = Release|Any CPU
		{E093C65B-B4D2-4D24-84CC-41F00F688EBC}.Release|iPhone.ActiveCfg = Release|Any CPU
		{E093C65B-B4D2-4D24-84CC-41F00F688EBC}.Release|iPhone.Build.0 = Release|Any CPU
		{E093C65B-B4D2-4D24-84CC-41F00F688EBC}.Release|iPhoneSimulator.ActiveCfg = Release|Any CPU
		{E093C65B-B4D2-4D24-84CC-41F00F688EBC}.Release|iPhoneSimulator.Build.0 = Release|Any CPU
		{E093C65B-B4D2-4D24-84CC-41F00F688EBC}.Release|x64.ActiveCfg = Release|Any CPU
		{E093C65B-B4D2-4D24-84CC-41F00F688EBC}.Release|x64.Build.0 = Release|Any CPU
		{E093C65B-B4D2-4D24-84CC-41F00F688EBC}.Release|x86.ActiveCfg = Release|Any CPU
		{E093C65B-B4D2-4D24-84CC-41F00F688EBC}.Release|x86.Build.0 = Release|Any CPU
	EndGlobalSection
	GlobalSection(SolutionProperties) = preSolution
		HideSolutionNode = FALSE
	EndGlobalSection
	GlobalSection(NestedProjects) = preSolution
		{F1E03A84-19E6-44A9-A408-F62AF3F2FE22} = {ABA022A1-7FA4-485D-8B11-1599C0F46CF5}
		{BCD76701-B58A-443A-B547-4584A5098D9F} = {ABA022A1-7FA4-485D-8B11-1599C0F46CF5}
		{91D3E837-2314-4202-89E7-312293327C09} = {CDDF776F-743F-4585-A460-EB098141D106}
		{64D8C254-C10C-4FFD-97E1-D56B0F5C3930} = {CDDF776F-743F-4585-A460-EB098141D106}
		{F75078C2-2C17-4A88-99DD-00F45C65E701} = {91D3E837-2314-4202-89E7-312293327C09}
		{7606B1D0-3E87-41B2-85E8-0F1C284EFF4F} = {F75078C2-2C17-4A88-99DD-00F45C65E701}
		{C28CC85B-9667-4CBC-9F55-86D117E7574F} = {64D8C254-C10C-4FFD-97E1-D56B0F5C3930}
		{59B1D32E-4862-45D8-AF7E-E6DF32583B84} = {C28CC85B-9667-4CBC-9F55-86D117E7574F}
		{FE0A0975-3B5C-4AAC-B9B7-C1FF6453DD1C} = {CDDF776F-743F-4585-A460-EB098141D106}
		{1BF0B3B8-8683-497A-83B5-34C9546DA69B} = {FE0A0975-3B5C-4AAC-B9B7-C1FF6453DD1C}
		{AD518C74-9F40-4B8D-84A7-96877F8F3FCC} = {ABA022A1-7FA4-485D-8B11-1599C0F46CF5}
		{1E3C64D7-058B-4E13-8732-7B06784B3EE6} = {FE0A0975-3B5C-4AAC-B9B7-C1FF6453DD1C}
		{795B2420-A3CD-40AA-8BDB-EB264456F3BD} = {1E3C64D7-058B-4E13-8732-7B06784B3EE6}
		{C61F199E-71EC-4932-9C06-63532EF62D63} = {FE0A0975-3B5C-4AAC-B9B7-C1FF6453DD1C}
		{4028ADD3-6A84-4F7A-8974-A6B5FBC41F3C} = {1BF0B3B8-8683-497A-83B5-34C9546DA69B}
		{1F9E56A6-6289-40E1-87A4-221332B9889F} = {1546C495-7C7A-4D68-A6F8-1C1D060BF254}
		{9C3E6DAC-B968-4331-A0DC-A11D514B43C6} = {C61F199E-71EC-4932-9C06-63532EF62D63}
		{EEC8DB38-ED6B-4523-8ECD-ADDF35085CCC} = {C61F199E-71EC-4932-9C06-63532EF62D63}
		{F70C7E2E-5108-4976-A9AB-6D5DE0ACC49E} = {FE0A0975-3B5C-4AAC-B9B7-C1FF6453DD1C}
		{FCC6C5D5-2040-42BF-A0C9-22D034810761} = {F70C7E2E-5108-4976-A9AB-6D5DE0ACC49E}
		{B7544365-C0AA-4AB2-8F16-480D378383AD} = {ABA022A1-7FA4-485D-8B11-1599C0F46CF5}
		{E8E3FF1F-A862-4526-8F05-E33FCC785D7A} = {C61F199E-71EC-4932-9C06-63532EF62D63}
		{7AB2F419-A61A-4A57-B0E3-05BFE319B254} = {C61F199E-71EC-4932-9C06-63532EF62D63}
		{EAADEE91-CCD4-451D-829F-4315D7FCCD84} = {ABA022A1-7FA4-485D-8B11-1599C0F46CF5}
		{3AE8EB6F-250F-4F4C-B03E-5176A654F65E} = {EAADEE91-CCD4-451D-829F-4315D7FCCD84}
		{5F41671B-0007-42C6-A2D0-B8A8E4899404} = {FE0A0975-3B5C-4AAC-B9B7-C1FF6453DD1C}
		{6B59D449-5F72-490B-BFCD-248AAE85CB50} = {5F41671B-0007-42C6-A2D0-B8A8E4899404}
		{7E9D959F-4B62-4F62-B24A-81073E2923E7} = {5F41671B-0007-42C6-A2D0-B8A8E4899404}
		{D1FE2C8B-C240-44BC-AD44-529331559C73} = {C61F199E-71EC-4932-9C06-63532EF62D63}
		{CC6241A1-83FC-4DF9-ABE0-84E18E339254} = {F88AE763-4651-4B2E-B687-AD6BC0CA0D6F}
		{1F202C04-8CC7-4E0D-A892-6DFD76EC0B86} = {F88AE763-4651-4B2E-B687-AD6BC0CA0D6F}
		{E093C65B-B4D2-4D24-84CC-41F00F688EBC} = {CC6241A1-83FC-4DF9-ABE0-84E18E339254}
	EndGlobalSection
	GlobalSection(ExtensibilityGlobals) = postSolution
		SolutionGuid = {1267897C-2B68-4298-A9FE-0E65E8D2EBF7}
	EndGlobalSection
EndGlobal
